// !$*UTF8*$!
{
	archiveVersion = 1;
	classes = {
	};
	objectVersion = 50;
	objects = {

/* Begin PBXBuildFile section */
		01B34A171969F9487F9E1FB1 /* libPods-defaults-YDKit.a in Frameworks */ = {isa = PBXBuildFile; fileRef = 5C24B9DCDC02AD3AFDAD7BFA /* libPods-defaults-YDKit.a */; };
		5A0A63152105C232008F6657 /* YDBaiduMapPoiSearch.m in Sources */ = {isa = PBXBuildFile; fileRef = 5A0A63142105C232008F6657 /* YDBaiduMapPoiSearch.m */; };
		5A0A63182105C272008F6657 /* YDBaiduMapPoiSearchResponse.m in Sources */ = {isa = PBXBuildFile; fileRef = 5A0A63172105C272008F6657 /* YDBaiduMapPoiSearchResponse.m */; };
		5A0B1A4B20E5FF04005F177C /* NSString+YDCategory.m in Sources */ = {isa = PBXBuildFile; fileRef = 5A0B1A4A20E5FF04005F177C /* NSString+YDCategory.m */; };
		5A0B1A4E20E600B2005F177C /* NSDictionary+YDCategory.m in Sources */ = {isa = PBXBuildFile; fileRef = 5A0B1A4D20E600B2005F177C /* NSDictionary+YDCategory.m */; };
		5A6124EE20E1E3AB001C2CCC /* YDNetworkingController.m in Sources */ = {isa = PBXBuildFile; fileRef = 5A6124ED20E1E3AB001C2CCC /* YDNetworkingController.m */; };
		5A6124F220E1E609001C2CCC /* YDRouter.m in Sources */ = {isa = PBXBuildFile; fileRef = 5A6124F120E1E609001C2CCC /* YDRouter.m */; };
		5A6124F920E25220001C2CCC /* YDConstant.m in Sources */ = {isa = PBXBuildFile; fileRef = 5A6124F820E25220001C2CCC /* YDConstant.m */; };
		5A6395A320E4926900CA4CC2 /* YDModuleRouterUrl.m in Sources */ = {isa = PBXBuildFile; fileRef = 5A6395A220E4926900CA4CC2 /* YDModuleRouterUrl.m */; };
		5A6395AE20E4C24000CA4CC2 /* YDMultiLanguageContainer.m in Sources */ = {isa = PBXBuildFile; fileRef = 5A6395AD20E4C24000CA4CC2 /* YDMultiLanguageContainer.m */; };
		5A6395B120E4C7D600CA4CC2 /* YDMultiLanguage.m in Sources */ = {isa = PBXBuildFile; fileRef = 5A6395B020E4C7D600CA4CC2 /* YDMultiLanguage.m */; };
		5A6AA30B20FED6BD001C0210 /* README.md in Resources */ = {isa = PBXBuildFile; fileRef = 5A6AA30A20FED6BD001C0210 /* README.md */; };
		5A6AA31D20FEE1C6001C0210 /* YDBaiduMapFactory.m in Sources */ = {isa = PBXBuildFile; fileRef = 5A6AA31C20FEE1C6001C0210 /* YDBaiduMapFactory.m */; };
		5A6AA32320FEE723001C0210 /* YDBaiduMapView.m in Sources */ = {isa = PBXBuildFile; fileRef = 5A6AA32120FEE723001C0210 /* YDBaiduMapView.m */; };
		5A6AA32620FF0919001C0210 /* YDMapPlatform.m in Sources */ = {isa = PBXBuildFile; fileRef = 5A6AA32520FF0919001C0210 /* YDMapPlatform.m */; };
		5A6AA32920FF09D7001C0210 /* YDMapPlatformXmlParser.m in Sources */ = {isa = PBXBuildFile; fileRef = 5A6AA32820FF09D7001C0210 /* YDMapPlatformXmlParser.m */; };
		5A6AA32C20FF103F001C0210 /* YDMapEngine.m in Sources */ = {isa = PBXBuildFile; fileRef = 5A6AA32B20FF103F001C0210 /* YDMapEngine.m */; };
		5A6AA33120FF1AC4001C0210 /* YDFactoryMapController.m in Sources */ = {isa = PBXBuildFile; fileRef = 5A6AA33020FF1AC4001C0210 /* YDFactoryMapController.m */; };
		5A6AA33520FF2114001C0210 /* YDConfig.map.xml in Resources */ = {isa = PBXBuildFile; fileRef = 5A6AA33420FF2114001C0210 /* YDConfig.map.xml */; };
		5A6AA33A20FF32CF001C0210 /* YDAmapMapFactory.m in Sources */ = {isa = PBXBuildFile; fileRef = 5A6AA33920FF32CF001C0210 /* YDAmapMapFactory.m */; };
		5A6AA33D20FF32ED001C0210 /* YDAmapMapView.m in Sources */ = {isa = PBXBuildFile; fileRef = 5A6AA33C20FF32ED001C0210 /* YDAmapMapView.m */; };
		5A6AA34020FF3D0D001C0210 /* YDConfig.map.plist in Resources */ = {isa = PBXBuildFile; fileRef = 5A6AA33F20FF3D0D001C0210 /* YDConfig.map.plist */; };
		5A6AA34320FF4021001C0210 /* YDMapPlatformPlistParser.m in Sources */ = {isa = PBXBuildFile; fileRef = 5A6AA34220FF4021001C0210 /* YDMapPlatformPlistParser.m */; };
		5A9CD35920F307D600657DBA /* YDFactoryButton.m in Sources */ = {isa = PBXBuildFile; fileRef = 5A9CD35820F307D600657DBA /* YDFactoryButton.m */; };
		5A9CD35C20F307ED00657DBA /* YDFactoryImageView.m in Sources */ = {isa = PBXBuildFile; fileRef = 5A9CD35B20F307ED00657DBA /* YDFactoryImageView.m */; };
		5A9CD35F20F3081900657DBA /* YDViewFactoryConfig.xml in Resources */ = {isa = PBXBuildFile; fileRef = 5A9CD35E20F3081900657DBA /* YDViewFactoryConfig.xml */; };
		5A9CD36320F3094900657DBA /* YDViewXmlParser.m in Sources */ = {isa = PBXBuildFile; fileRef = 5A9CD36220F3094900657DBA /* YDViewXmlParser.m */; };
		5A9CD36720F30D3200657DBA /* YDViewFactory.m in Sources */ = {isa = PBXBuildFile; fileRef = 5A9CD36620F30D3200657DBA /* YDViewFactory.m */; };
		5A9CD36C20F3105900657DBA /* YDFactoryController.m in Sources */ = {isa = PBXBuildFile; fileRef = 5A9CD36B20F3105900657DBA /* YDFactoryController.m */; };
		5ABA588921002CBB009A5773 /* YDBaiduMapUserLocation.m in Sources */ = {isa = PBXBuildFile; fileRef = 5ABA588821002CBB009A5773 /* YDBaiduMapUserLocation.m */; };
		5ABA588C21002CF9009A5773 /* YDBaiduMapLocationService.m in Sources */ = {isa = PBXBuildFile; fileRef = 5ABA588B21002CF9009A5773 /* YDBaiduMapLocationService.m */; };
		5ABA589221007C26009A5773 /* YDAmapMapUserLocation.m in Sources */ = {isa = PBXBuildFile; fileRef = 5ABA589121007C26009A5773 /* YDAmapMapUserLocation.m */; };
		5ABA589521007C48009A5773 /* YDAmapMapLocationService.m in Sources */ = {isa = PBXBuildFile; fileRef = 5ABA589421007C48009A5773 /* YDAmapMapLocationService.m */; };
		5AE11C332107200700C10064 /* YDPoiSearchRequest.m in Sources */ = {isa = PBXBuildFile; fileRef = 5AE11C322107200700C10064 /* YDPoiSearchRequest.m */; };
		5AE11C3621072B4F00C10064 /* YDBaiduMapPoiDetailResult.m in Sources */ = {isa = PBXBuildFile; fileRef = 5AE11C3521072B4F00C10064 /* YDBaiduMapPoiDetailResult.m */; };
		5AE11C39210738DE00C10064 /* YDBaiduMapPoiInfo.m in Sources */ = {isa = PBXBuildFile; fileRef = 5AE11C38210738DE00C10064 /* YDBaiduMapPoiInfo.m */; };
		5AFADE02210ACBBF0058FAC0 /* YDSingletonController.m in Sources */ = {isa = PBXBuildFile; fileRef = 5AFADE01210ACBBF0058FAC0 /* YDSingletonController.m */; };
		5AFADE07210AD1330058FAC0 /* base_back_16@2x.png in Resources */ = {isa = PBXBuildFile; fileRef = 5AFADE05210AD1320058FAC0 /* base_back_16@2x.png */; };
		5AFADE08210AD1330058FAC0 /* base_back_16@3x.png in Resources */ = {isa = PBXBuildFile; fileRef = 5AFADE06210AD1320058FAC0 /* base_back_16@3x.png */; };
		5AFADE0B210AD1690058FAC0 /* UIViewController+YDCategory.m in Sources */ = {isa = PBXBuildFile; fileRef = 5AFADE0A210AD1690058FAC0 /* UIViewController+YDCategory.m */; };
		5AFADE0E210AD4B80058FAC0 /* base_back_24@3x.png in Resources */ = {isa = PBXBuildFile; fileRef = 5AFADE0C210AD4B80058FAC0 /* base_back_24@3x.png */; };
		5AFADE0F210AD4B80058FAC0 /* base_back_24@2x.png in Resources */ = {isa = PBXBuildFile; fileRef = 5AFADE0D210AD4B80058FAC0 /* base_back_24@2x.png */; };
		5AFADE13210AEA0A0058FAC0 /* YDSingletonPattern.m in Sources */ = {isa = PBXBuildFile; fileRef = 5AFADE12210AEA0A0058FAC0 /* YDSingletonPattern.m */; };
		5AFADE17210B08330058FAC0 /* YDAmapMapSearch.m in Sources */ = {isa = PBXBuildFile; fileRef = 5AFADE16210B08330058FAC0 /* YDAmapMapSearch.m */; };
		5AFADE1A210B15010058FAC0 /* YDAmapMapSearchResponse.m in Sources */ = {isa = PBXBuildFile; fileRef = 5AFADE19210B15010058FAC0 /* YDAmapMapSearchResponse.m */; };
		5AFADE1D210B1A970058FAC0 /* YDAmapMapPoiInfo.m in Sources */ = {isa = PBXBuildFile; fileRef = 5AFADE1C210B1A970058FAC0 /* YDAmapMapPoiInfo.m */; };
		6280B3C120E8A67900F5E1FC /* Localizable.strings in Resources */ = {isa = PBXBuildFile; fileRef = 6280B3C320E8A67900F5E1FC /* Localizable.strings */; };
		62B5EC5E20DFE04F00CAF304 /* Assets.xcassets in Resources */ = {isa = PBXBuildFile; fileRef = 62B5EC5D20DFE04F00CAF304 /* Assets.xcassets */; };
		62B5EC7220DFE29400CAF304 /* main.m in Sources */ = {isa = PBXBuildFile; fileRef = 62B5EC6F20DFE29300CAF304 /* main.m */; };
		62B5EC7320DFE29400CAF304 /* Info.plist in Resources */ = {isa = PBXBuildFile; fileRef = 62B5EC7020DFE29400CAF304 /* Info.plist */; };
		62B5EC7420DFE29400CAF304 /* AppDelegate.m in Sources */ = {isa = PBXBuildFile; fileRef = 62B5EC7120DFE29400CAF304 /* AppDelegate.m */; };
		62B5EC7820DFE31F00CAF304 /* YDMainViewController.m in Sources */ = {isa = PBXBuildFile; fileRef = 62B5EC7720DFE31F00CAF304 /* YDMainViewController.m */; };
		62B5EC7C20DFE7D700CAF304 /* YDNetworking.m in Sources */ = {isa = PBXBuildFile; fileRef = 62B5EC7A20DFE7D700CAF304 /* YDNetworking.m */; };
/* End PBXBuildFile section */

/* Begin PBXFileReference section */
		012D797C5DC694CE4FFCC97B /* Pods-defaults-YDKit.debug.xcconfig */ = {isa = PBXFileReference; includeInIndex = 1; lastKnownFileType = text.xcconfig; name = "Pods-defaults-YDKit.debug.xcconfig"; path = "Pods/Target Support Files/Pods-defaults-YDKit/Pods-defaults-YDKit.debug.xcconfig"; sourceTree = "<group>"; };
		5A0A630C2105B624008F6657 /* YDMapCityInfo.h */ = {isa = PBXFileReference; lastKnownFileType = sourcecode.c.h; path = YDMapCityInfo.h; sourceTree = "<group>"; };
		5A0A630D2105B738008F6657 /* YDMapPoiInfo.h */ = {isa = PBXFileReference; lastKnownFileType = sourcecode.c.h; path = YDMapPoiInfo.h; sourceTree = "<group>"; };
		5A0A630E2105B7E8008F6657 /* YDMapPoiSearchResponse.h */ = {isa = PBXFileReference; lastKnownFileType = sourcecode.c.h; path = YDMapPoiSearchResponse.h; sourceTree = "<group>"; };
		5A0A630F2105B9D8008F6657 /* YDMapPoiSearchRequest.h */ = {isa = PBXFileReference; lastKnownFileType = sourcecode.c.h; path = YDMapPoiSearchRequest.h; sourceTree = "<group>"; };
		5A0A63102105BF52008F6657 /* YDMapPoiSearchDelegate.h */ = {isa = PBXFileReference; lastKnownFileType = sourcecode.c.h; path = YDMapPoiSearchDelegate.h; sourceTree = "<group>"; };
		5A0A63112105C05E008F6657 /* YDMapPoiSearch.h */ = {isa = PBXFileReference; lastKnownFileType = sourcecode.c.h; path = YDMapPoiSearch.h; sourceTree = "<group>"; };
		5A0A63132105C232008F6657 /* YDBaiduMapPoiSearch.h */ = {isa = PBXFileReference; lastKnownFileType = sourcecode.c.h; path = YDBaiduMapPoiSearch.h; sourceTree = "<group>"; };
		5A0A63142105C232008F6657 /* YDBaiduMapPoiSearch.m */ = {isa = PBXFileReference; lastKnownFileType = sourcecode.c.objc; path = YDBaiduMapPoiSearch.m; sourceTree = "<group>"; };
		5A0A63162105C272008F6657 /* YDBaiduMapPoiSearchResponse.h */ = {isa = PBXFileReference; lastKnownFileType = sourcecode.c.h; path = YDBaiduMapPoiSearchResponse.h; sourceTree = "<group>"; };
		5A0A63172105C272008F6657 /* YDBaiduMapPoiSearchResponse.m */ = {isa = PBXFileReference; lastKnownFileType = sourcecode.c.objc; path = YDBaiduMapPoiSearchResponse.m; sourceTree = "<group>"; };
		5A0A63192105DAEB008F6657 /* YDMapSearchErrorCode.h */ = {isa = PBXFileReference; lastKnownFileType = sourcecode.c.h; path = YDMapSearchErrorCode.h; sourceTree = "<group>"; };
		5A0A631A2105F0C8008F6657 /* YDMapPoiDetailResult.h */ = {isa = PBXFileReference; lastKnownFileType = sourcecode.c.h; path = YDMapPoiDetailResult.h; sourceTree = "<group>"; };
		5A0A631B2105F1C8008F6657 /* YDMapPoiIndoorResult.h */ = {isa = PBXFileReference; lastKnownFileType = sourcecode.c.h; path = YDMapPoiIndoorResult.h; sourceTree = "<group>"; };
		5A0B1A4920E5FF04005F177C /* NSString+YDCategory.h */ = {isa = PBXFileReference; lastKnownFileType = sourcecode.c.h; path = "NSString+YDCategory.h"; sourceTree = "<group>"; };
		5A0B1A4A20E5FF04005F177C /* NSString+YDCategory.m */ = {isa = PBXFileReference; lastKnownFileType = sourcecode.c.objc; path = "NSString+YDCategory.m"; sourceTree = "<group>"; };
		5A0B1A4C20E600B2005F177C /* NSDictionary+YDCategory.h */ = {isa = PBXFileReference; lastKnownFileType = sourcecode.c.h; path = "NSDictionary+YDCategory.h"; sourceTree = "<group>"; };
		5A0B1A4D20E600B2005F177C /* NSDictionary+YDCategory.m */ = {isa = PBXFileReference; lastKnownFileType = sourcecode.c.objc; path = "NSDictionary+YDCategory.m"; sourceTree = "<group>"; };
		5A6124EC20E1E3AB001C2CCC /* YDNetworkingController.h */ = {isa = PBXFileReference; lastKnownFileType = sourcecode.c.h; path = YDNetworkingController.h; sourceTree = "<group>"; };
		5A6124ED20E1E3AB001C2CCC /* YDNetworkingController.m */ = {isa = PBXFileReference; lastKnownFileType = sourcecode.c.objc; path = YDNetworkingController.m; sourceTree = "<group>"; };
		5A6124F020E1E609001C2CCC /* YDRouter.h */ = {isa = PBXFileReference; lastKnownFileType = sourcecode.c.h; path = YDRouter.h; sourceTree = "<group>"; };
		5A6124F120E1E609001C2CCC /* YDRouter.m */ = {isa = PBXFileReference; lastKnownFileType = sourcecode.c.objc; path = YDRouter.m; sourceTree = "<group>"; };
		5A6124F720E25220001C2CCC /* YDConstant.h */ = {isa = PBXFileReference; lastKnownFileType = sourcecode.c.h; path = YDConstant.h; sourceTree = "<group>"; };
		5A6124F820E25220001C2CCC /* YDConstant.m */ = {isa = PBXFileReference; lastKnownFileType = sourcecode.c.objc; path = YDConstant.m; sourceTree = "<group>"; };
		5A6124FA20E25244001C2CCC /* YDPrefixHeader.pch */ = {isa = PBXFileReference; lastKnownFileType = sourcecode.c.h; path = YDPrefixHeader.pch; sourceTree = "<group>"; };
		5A6395A020E490D900CA4CC2 /* YDMacro.h */ = {isa = PBXFileReference; lastKnownFileType = sourcecode.c.h; path = YDMacro.h; sourceTree = "<group>"; };
		5A6395A120E4926900CA4CC2 /* YDModuleRouterUrl.h */ = {isa = PBXFileReference; lastKnownFileType = sourcecode.c.h; path = YDModuleRouterUrl.h; sourceTree = "<group>"; };
		5A6395A220E4926900CA4CC2 /* YDModuleRouterUrl.m */ = {isa = PBXFileReference; lastKnownFileType = sourcecode.c.objc; path = YDModuleRouterUrl.m; sourceTree = "<group>"; };
		5A6395AC20E4C24000CA4CC2 /* YDMultiLanguageContainer.h */ = {isa = PBXFileReference; lastKnownFileType = sourcecode.c.h; path = YDMultiLanguageContainer.h; sourceTree = "<group>"; };
		5A6395AD20E4C24000CA4CC2 /* YDMultiLanguageContainer.m */ = {isa = PBXFileReference; lastKnownFileType = sourcecode.c.objc; path = YDMultiLanguageContainer.m; sourceTree = "<group>"; };
		5A6395AF20E4C7D600CA4CC2 /* YDMultiLanguage.h */ = {isa = PBXFileReference; lastKnownFileType = sourcecode.c.h; path = YDMultiLanguage.h; sourceTree = "<group>"; };
		5A6395B020E4C7D600CA4CC2 /* YDMultiLanguage.m */ = {isa = PBXFileReference; lastKnownFileType = sourcecode.c.objc; path = YDMultiLanguage.m; sourceTree = "<group>"; };
		5A6AA30A20FED6BD001C0210 /* README.md */ = {isa = PBXFileReference; fileEncoding = 4; lastKnownFileType = net.daringfireball.markdown; path = README.md; sourceTree = "<group>"; };
		5A6AA31020FEDA40001C0210 /* YDMapFactory.h */ = {isa = PBXFileReference; lastKnownFileType = sourcecode.c.h; path = YDMapFactory.h; sourceTree = "<group>"; };
		5A6AA31120FEDAC2001C0210 /* YDMapView.h */ = {isa = PBXFileReference; lastKnownFileType = sourcecode.c.h; path = YDMapView.h; sourceTree = "<group>"; };
		5A6AA31B20FEE1C6001C0210 /* YDBaiduMapFactory.h */ = {isa = PBXFileReference; lastKnownFileType = sourcecode.c.h; path = YDBaiduMapFactory.h; sourceTree = "<group>"; };
		5A6AA31C20FEE1C6001C0210 /* YDBaiduMapFactory.m */ = {isa = PBXFileReference; lastKnownFileType = sourcecode.c.objc; path = YDBaiduMapFactory.m; sourceTree = "<group>"; };
		5A6AA32120FEE723001C0210 /* YDBaiduMapView.m */ = {isa = PBXFileReference; fileEncoding = 4; lastKnownFileType = sourcecode.c.objc; path = YDBaiduMapView.m; sourceTree = "<group>"; };
		5A6AA32220FEE723001C0210 /* YDBaiduMapView.h */ = {isa = PBXFileReference; fileEncoding = 4; lastKnownFileType = sourcecode.c.h; path = YDBaiduMapView.h; sourceTree = "<group>"; };
		5A6AA32420FF0919001C0210 /* YDMapPlatform.h */ = {isa = PBXFileReference; lastKnownFileType = sourcecode.c.h; path = YDMapPlatform.h; sourceTree = "<group>"; };
		5A6AA32520FF0919001C0210 /* YDMapPlatform.m */ = {isa = PBXFileReference; lastKnownFileType = sourcecode.c.objc; path = YDMapPlatform.m; sourceTree = "<group>"; };
		5A6AA32720FF09D7001C0210 /* YDMapPlatformXmlParser.h */ = {isa = PBXFileReference; lastKnownFileType = sourcecode.c.h; path = YDMapPlatformXmlParser.h; sourceTree = "<group>"; };
		5A6AA32820FF09D7001C0210 /* YDMapPlatformXmlParser.m */ = {isa = PBXFileReference; lastKnownFileType = sourcecode.c.objc; path = YDMapPlatformXmlParser.m; sourceTree = "<group>"; };
		5A6AA32A20FF103F001C0210 /* YDMapEngine.h */ = {isa = PBXFileReference; lastKnownFileType = sourcecode.c.h; path = YDMapEngine.h; sourceTree = "<group>"; };
		5A6AA32B20FF103F001C0210 /* YDMapEngine.m */ = {isa = PBXFileReference; lastKnownFileType = sourcecode.c.objc; path = YDMapEngine.m; sourceTree = "<group>"; };
		5A6AA32F20FF1AC4001C0210 /* YDFactoryMapController.h */ = {isa = PBXFileReference; lastKnownFileType = sourcecode.c.h; path = YDFactoryMapController.h; sourceTree = "<group>"; };
		5A6AA33020FF1AC4001C0210 /* YDFactoryMapController.m */ = {isa = PBXFileReference; lastKnownFileType = sourcecode.c.objc; path = YDFactoryMapController.m; sourceTree = "<group>"; };
		5A6AA33420FF2114001C0210 /* YDConfig.map.xml */ = {isa = PBXFileReference; lastKnownFileType = text.xml; path = YDConfig.map.xml; sourceTree = "<group>"; };
		5A6AA33820FF32CF001C0210 /* YDAmapMapFactory.h */ = {isa = PBXFileReference; lastKnownFileType = sourcecode.c.h; path = YDAmapMapFactory.h; sourceTree = "<group>"; };
		5A6AA33920FF32CF001C0210 /* YDAmapMapFactory.m */ = {isa = PBXFileReference; lastKnownFileType = sourcecode.c.objc; path = YDAmapMapFactory.m; sourceTree = "<group>"; };
		5A6AA33B20FF32ED001C0210 /* YDAmapMapView.h */ = {isa = PBXFileReference; lastKnownFileType = sourcecode.c.h; path = YDAmapMapView.h; sourceTree = "<group>"; };
		5A6AA33C20FF32ED001C0210 /* YDAmapMapView.m */ = {isa = PBXFileReference; lastKnownFileType = sourcecode.c.objc; path = YDAmapMapView.m; sourceTree = "<group>"; };
		5A6AA33F20FF3D0D001C0210 /* YDConfig.map.plist */ = {isa = PBXFileReference; lastKnownFileType = text.plist.xml; path = YDConfig.map.plist; sourceTree = "<group>"; };
		5A6AA34120FF4021001C0210 /* YDMapPlatformPlistParser.h */ = {isa = PBXFileReference; lastKnownFileType = sourcecode.c.h; path = YDMapPlatformPlistParser.h; sourceTree = "<group>"; };
		5A6AA34220FF4021001C0210 /* YDMapPlatformPlistParser.m */ = {isa = PBXFileReference; lastKnownFileType = sourcecode.c.objc; path = YDMapPlatformPlistParser.m; sourceTree = "<group>"; };
		5A9CD35720F307D600657DBA /* YDFactoryButton.h */ = {isa = PBXFileReference; lastKnownFileType = sourcecode.c.h; path = YDFactoryButton.h; sourceTree = "<group>"; };
		5A9CD35820F307D600657DBA /* YDFactoryButton.m */ = {isa = PBXFileReference; lastKnownFileType = sourcecode.c.objc; path = YDFactoryButton.m; sourceTree = "<group>"; };
		5A9CD35A20F307ED00657DBA /* YDFactoryImageView.h */ = {isa = PBXFileReference; lastKnownFileType = sourcecode.c.h; path = YDFactoryImageView.h; sourceTree = "<group>"; };
		5A9CD35B20F307ED00657DBA /* YDFactoryImageView.m */ = {isa = PBXFileReference; lastKnownFileType = sourcecode.c.objc; path = YDFactoryImageView.m; sourceTree = "<group>"; };
		5A9CD35E20F3081900657DBA /* YDViewFactoryConfig.xml */ = {isa = PBXFileReference; lastKnownFileType = text.xml; path = YDViewFactoryConfig.xml; sourceTree = "<group>"; };
		5A9CD36120F3094900657DBA /* YDViewXmlParser.h */ = {isa = PBXFileReference; lastKnownFileType = sourcecode.c.h; path = YDViewXmlParser.h; sourceTree = "<group>"; };
		5A9CD36220F3094900657DBA /* YDViewXmlParser.m */ = {isa = PBXFileReference; lastKnownFileType = sourcecode.c.objc; path = YDViewXmlParser.m; sourceTree = "<group>"; };
		5A9CD36520F30D3200657DBA /* YDViewFactory.h */ = {isa = PBXFileReference; lastKnownFileType = sourcecode.c.h; path = YDViewFactory.h; sourceTree = "<group>"; };
		5A9CD36620F30D3200657DBA /* YDViewFactory.m */ = {isa = PBXFileReference; lastKnownFileType = sourcecode.c.objc; path = YDViewFactory.m; sourceTree = "<group>"; };
		5A9CD36A20F3105900657DBA /* YDFactoryController.h */ = {isa = PBXFileReference; lastKnownFileType = sourcecode.c.h; path = YDFactoryController.h; sourceTree = "<group>"; };
		5A9CD36B20F3105900657DBA /* YDFactoryController.m */ = {isa = PBXFileReference; lastKnownFileType = sourcecode.c.objc; path = YDFactoryController.m; sourceTree = "<group>"; };
		5ABA588521002C0A009A5773 /* YDUserLocation.h */ = {isa = PBXFileReference; lastKnownFileType = sourcecode.c.h; path = YDUserLocation.h; sourceTree = "<group>"; };
		5ABA588721002CBB009A5773 /* YDBaiduMapUserLocation.h */ = {isa = PBXFileReference; lastKnownFileType = sourcecode.c.h; path = YDBaiduMapUserLocation.h; sourceTree = "<group>"; };
		5ABA588821002CBB009A5773 /* YDBaiduMapUserLocation.m */ = {isa = PBXFileReference; lastKnownFileType = sourcecode.c.objc; path = YDBaiduMapUserLocation.m; sourceTree = "<group>"; };
		5ABA588A21002CF9009A5773 /* YDBaiduMapLocationService.h */ = {isa = PBXFileReference; lastKnownFileType = sourcecode.c.h; path = YDBaiduMapLocationService.h; sourceTree = "<group>"; };
		5ABA588B21002CF9009A5773 /* YDBaiduMapLocationService.m */ = {isa = PBXFileReference; lastKnownFileType = sourcecode.c.objc; path = YDBaiduMapLocationService.m; sourceTree = "<group>"; };
		5ABA588D21002D55009A5773 /* YDLocationService.h */ = {isa = PBXFileReference; lastKnownFileType = sourcecode.c.h; path = YDLocationService.h; sourceTree = "<group>"; };
		5ABA588E21002D77009A5773 /* YDLocationServiceDelegate.h */ = {isa = PBXFileReference; lastKnownFileType = sourcecode.c.h; path = YDLocationServiceDelegate.h; sourceTree = "<group>"; };
		5ABA589021007C26009A5773 /* YDAmapMapUserLocation.h */ = {isa = PBXFileReference; lastKnownFileType = sourcecode.c.h; path = YDAmapMapUserLocation.h; sourceTree = "<group>"; };
		5ABA589121007C26009A5773 /* YDAmapMapUserLocation.m */ = {isa = PBXFileReference; lastKnownFileType = sourcecode.c.objc; path = YDAmapMapUserLocation.m; sourceTree = "<group>"; };
		5ABA589321007C48009A5773 /* YDAmapMapLocationService.h */ = {isa = PBXFileReference; lastKnownFileType = sourcecode.c.h; path = YDAmapMapLocationService.h; sourceTree = "<group>"; };
		5ABA589421007C48009A5773 /* YDAmapMapLocationService.m */ = {isa = PBXFileReference; lastKnownFileType = sourcecode.c.objc; path = YDAmapMapLocationService.m; sourceTree = "<group>"; };
		5AE11C2E21071D9900C10064 /* YDMapPoiIndoorInfo.h */ = {isa = PBXFileReference; lastKnownFileType = sourcecode.c.h; path = YDMapPoiIndoorInfo.h; sourceTree = "<group>"; };
		5AE11C312107200700C10064 /* YDPoiSearchRequest.h */ = {isa = PBXFileReference; lastKnownFileType = sourcecode.c.h; path = YDPoiSearchRequest.h; sourceTree = "<group>"; };
		5AE11C322107200700C10064 /* YDPoiSearchRequest.m */ = {isa = PBXFileReference; lastKnownFileType = sourcecode.c.objc; path = YDPoiSearchRequest.m; sourceTree = "<group>"; };
		5AE11C3421072B4F00C10064 /* YDBaiduMapPoiDetailResult.h */ = {isa = PBXFileReference; lastKnownFileType = sourcecode.c.h; path = YDBaiduMapPoiDetailResult.h; sourceTree = "<group>"; };
		5AE11C3521072B4F00C10064 /* YDBaiduMapPoiDetailResult.m */ = {isa = PBXFileReference; lastKnownFileType = sourcecode.c.objc; path = YDBaiduMapPoiDetailResult.m; sourceTree = "<group>"; };
		5AE11C37210738DE00C10064 /* YDBaiduMapPoiInfo.h */ = {isa = PBXFileReference; lastKnownFileType = sourcecode.c.h; path = YDBaiduMapPoiInfo.h; sourceTree = "<group>"; };
		5AE11C38210738DE00C10064 /* YDBaiduMapPoiInfo.m */ = {isa = PBXFileReference; lastKnownFileType = sourcecode.c.objc; path = YDBaiduMapPoiInfo.m; sourceTree = "<group>"; };
		5AFADE00210ACBBF0058FAC0 /* YDSingletonController.h */ = {isa = PBXFileReference; lastKnownFileType = sourcecode.c.h; path = YDSingletonController.h; sourceTree = "<group>"; };
		5AFADE01210ACBBF0058FAC0 /* YDSingletonController.m */ = {isa = PBXFileReference; lastKnownFileType = sourcecode.c.objc; path = YDSingletonController.m; sourceTree = "<group>"; };
		5AFADE05210AD1320058FAC0 /* base_back_16@2x.png */ = {isa = PBXFileReference; lastKnownFileType = image.png; path = "base_back_16@2x.png"; sourceTree = "<group>"; };
		5AFADE06210AD1320058FAC0 /* base_back_16@3x.png */ = {isa = PBXFileReference; lastKnownFileType = image.png; path = "base_back_16@3x.png"; sourceTree = "<group>"; };
		5AFADE09210AD1690058FAC0 /* UIViewController+YDCategory.h */ = {isa = PBXFileReference; lastKnownFileType = sourcecode.c.h; path = "UIViewController+YDCategory.h"; sourceTree = "<group>"; };
		5AFADE0A210AD1690058FAC0 /* UIViewController+YDCategory.m */ = {isa = PBXFileReference; lastKnownFileType = sourcecode.c.objc; path = "UIViewController+YDCategory.m"; sourceTree = "<group>"; };
		5AFADE0C210AD4B80058FAC0 /* base_back_24@3x.png */ = {isa = PBXFileReference; lastKnownFileType = image.png; path = "base_back_24@3x.png"; sourceTree = "<group>"; };
		5AFADE0D210AD4B80058FAC0 /* base_back_24@2x.png */ = {isa = PBXFileReference; lastKnownFileType = image.png; path = "base_back_24@2x.png"; sourceTree = "<group>"; };
		5AFADE11210AEA0A0058FAC0 /* YDSingletonPattern.h */ = {isa = PBXFileReference; lastKnownFileType = sourcecode.c.h; path = YDSingletonPattern.h; sourceTree = "<group>"; };
		5AFADE12210AEA0A0058FAC0 /* YDSingletonPattern.m */ = {isa = PBXFileReference; lastKnownFileType = sourcecode.c.objc; path = YDSingletonPattern.m; sourceTree = "<group>"; };
		5AFADE15210B08330058FAC0 /* YDAmapMapSearch.h */ = {isa = PBXFileReference; lastKnownFileType = sourcecode.c.h; path = YDAmapMapSearch.h; sourceTree = "<group>"; };
		5AFADE16210B08330058FAC0 /* YDAmapMapSearch.m */ = {isa = PBXFileReference; lastKnownFileType = sourcecode.c.objc; path = YDAmapMapSearch.m; sourceTree = "<group>"; };
		5AFADE18210B15010058FAC0 /* YDAmapMapSearchResponse.h */ = {isa = PBXFileReference; lastKnownFileType = sourcecode.c.h; path = YDAmapMapSearchResponse.h; sourceTree = "<group>"; };
		5AFADE19210B15010058FAC0 /* YDAmapMapSearchResponse.m */ = {isa = PBXFileReference; lastKnownFileType = sourcecode.c.objc; path = YDAmapMapSearchResponse.m; sourceTree = "<group>"; };
		5AFADE1B210B1A970058FAC0 /* YDAmapMapPoiInfo.h */ = {isa = PBXFileReference; lastKnownFileType = sourcecode.c.h; path = YDAmapMapPoiInfo.h; sourceTree = "<group>"; };
		5AFADE1C210B1A970058FAC0 /* YDAmapMapPoiInfo.m */ = {isa = PBXFileReference; lastKnownFileType = sourcecode.c.objc; path = YDAmapMapPoiInfo.m; sourceTree = "<group>"; };
		5C24B9DCDC02AD3AFDAD7BFA /* libPods-defaults-YDKit.a */ = {isa = PBXFileReference; explicitFileType = archive.ar; includeInIndex = 0; path = "libPods-defaults-YDKit.a"; sourceTree = BUILT_PRODUCTS_DIR; };
		6280B3C220E8A67900F5E1FC /* en */ = {isa = PBXFileReference; lastKnownFileType = text.plist.strings; name = en; path = en.lproj/Localizable.strings; sourceTree = "<group>"; };
		6280B3C420E8A69100F5E1FC /* fr */ = {isa = PBXFileReference; lastKnownFileType = text.plist.strings; name = fr; path = fr.lproj/Localizable.strings; sourceTree = "<group>"; };
		6280B3C520E8A69600F5E1FC /* zh-Hans */ = {isa = PBXFileReference; lastKnownFileType = text.plist.strings; name = "zh-Hans"; path = "zh-Hans.lproj/Localizable.strings"; sourceTree = "<group>"; };
		62B5EC5120DFE04D00CAF304 /* YDKit.app */ = {isa = PBXFileReference; explicitFileType = wrapper.application; includeInIndex = 0; path = YDKit.app; sourceTree = BUILT_PRODUCTS_DIR; };
		62B5EC5D20DFE04F00CAF304 /* Assets.xcassets */ = {isa = PBXFileReference; lastKnownFileType = folder.assetcatalog; path = Assets.xcassets; sourceTree = "<group>"; };
		62B5EC6E20DFE29300CAF304 /* AppDelegate.h */ = {isa = PBXFileReference; fileEncoding = 4; lastKnownFileType = sourcecode.c.h; path = AppDelegate.h; sourceTree = "<group>"; };
		62B5EC6F20DFE29300CAF304 /* main.m */ = {isa = PBXFileReference; fileEncoding = 4; lastKnownFileType = sourcecode.c.objc; path = main.m; sourceTree = "<group>"; };
		62B5EC7020DFE29400CAF304 /* Info.plist */ = {isa = PBXFileReference; fileEncoding = 4; lastKnownFileType = text.plist.xml; path = Info.plist; sourceTree = "<group>"; };
		62B5EC7120DFE29400CAF304 /* AppDelegate.m */ = {isa = PBXFileReference; fileEncoding = 4; lastKnownFileType = sourcecode.c.objc; path = AppDelegate.m; sourceTree = "<group>"; };
		62B5EC7620DFE31F00CAF304 /* YDMainViewController.h */ = {isa = PBXFileReference; lastKnownFileType = sourcecode.c.h; path = YDMainViewController.h; sourceTree = "<group>"; };
		62B5EC7720DFE31F00CAF304 /* YDMainViewController.m */ = {isa = PBXFileReference; lastKnownFileType = sourcecode.c.objc; path = YDMainViewController.m; sourceTree = "<group>"; };
		62B5EC7920DFE7A600CAF304 /* YDKit.h */ = {isa = PBXFileReference; lastKnownFileType = sourcecode.c.h; path = YDKit.h; sourceTree = "<group>"; };
		62B5EC7A20DFE7D700CAF304 /* YDNetworking.m */ = {isa = PBXFileReference; fileEncoding = 4; lastKnownFileType = sourcecode.c.objc; path = YDNetworking.m; sourceTree = "<group>"; };
		62B5EC7B20DFE7D700CAF304 /* YDNetworking.h */ = {isa = PBXFileReference; fileEncoding = 4; lastKnownFileType = sourcecode.c.h; path = YDNetworking.h; sourceTree = "<group>"; };
		E9ABED0581171F0E07A7BF78 /* Pods-defaults-YDKit.release.xcconfig */ = {isa = PBXFileReference; includeInIndex = 1; lastKnownFileType = text.xcconfig; name = "Pods-defaults-YDKit.release.xcconfig"; path = "Pods/Target Support Files/Pods-defaults-YDKit/Pods-defaults-YDKit.release.xcconfig"; sourceTree = "<group>"; };
/* End PBXFileReference section */

/* Begin PBXFrameworksBuildPhase section */
		62B5EC4E20DFE04D00CAF304 /* Frameworks */ = {
			isa = PBXFrameworksBuildPhase;
			buildActionMask = 2147483647;
			files = (
				01B34A171969F9487F9E1FB1 /* libPods-defaults-YDKit.a in Frameworks */,
			);
			runOnlyForDeploymentPostprocessing = 0;
		};
/* End PBXFrameworksBuildPhase section */

/* Begin PBXGroup section */
		150F5C39BDC3C05298846817 /* Pods */ = {
			isa = PBXGroup;
			children = (
				012D797C5DC694CE4FFCC97B /* Pods-defaults-YDKit.debug.xcconfig */,
				E9ABED0581171F0E07A7BF78 /* Pods-defaults-YDKit.release.xcconfig */,
			);
			name = Pods;
			sourceTree = "<group>";
		};
		5A0A630B2105B5E1008F6657 /* Search */ = {
			isa = PBXGroup;
			children = (
				5A0A630C2105B624008F6657 /* YDMapCityInfo.h */,
				5A0A630D2105B738008F6657 /* YDMapPoiInfo.h */,
				5A0A630E2105B7E8008F6657 /* YDMapPoiSearchResponse.h */,
				5A0A630F2105B9D8008F6657 /* YDMapPoiSearchRequest.h */,
				5A0A63102105BF52008F6657 /* YDMapPoiSearchDelegate.h */,
				5A0A63112105C05E008F6657 /* YDMapPoiSearch.h */,
				5A0A63192105DAEB008F6657 /* YDMapSearchErrorCode.h */,
				5A0A631A2105F0C8008F6657 /* YDMapPoiDetailResult.h */,
				5A0A631B2105F1C8008F6657 /* YDMapPoiIndoorResult.h */,
				5AE11C2E21071D9900C10064 /* YDMapPoiIndoorInfo.h */,
				5AE11C312107200700C10064 /* YDPoiSearchRequest.h */,
				5AE11C322107200700C10064 /* YDPoiSearchRequest.m */,
			);
			path = Search;
			sourceTree = "<group>";
		};
		5A0A63122105C1CD008F6657 /* Search */ = {
			isa = PBXGroup;
			children = (
				5A0A63132105C232008F6657 /* YDBaiduMapPoiSearch.h */,
				5A0A63142105C232008F6657 /* YDBaiduMapPoiSearch.m */,
				5A0A63162105C272008F6657 /* YDBaiduMapPoiSearchResponse.h */,
				5A0A63172105C272008F6657 /* YDBaiduMapPoiSearchResponse.m */,
				5AE11C37210738DE00C10064 /* YDBaiduMapPoiInfo.h */,
				5AE11C38210738DE00C10064 /* YDBaiduMapPoiInfo.m */,
				5AE11C3421072B4F00C10064 /* YDBaiduMapPoiDetailResult.h */,
				5AE11C3521072B4F00C10064 /* YDBaiduMapPoiDetailResult.m */,
			);
			path = Search;
			sourceTree = "<group>";
		};
		5A0B1A4820E5FE60005F177C /* YDCategory */ = {
			isa = PBXGroup;
			children = (
				5A0B1A4920E5FF04005F177C /* NSString+YDCategory.h */,
				5A0B1A4A20E5FF04005F177C /* NSString+YDCategory.m */,
				5A0B1A4C20E600B2005F177C /* NSDictionary+YDCategory.h */,
				5A0B1A4D20E600B2005F177C /* NSDictionary+YDCategory.m */,
				5AFADE09210AD1690058FAC0 /* UIViewController+YDCategory.h */,
				5AFADE0A210AD1690058FAC0 /* UIViewController+YDCategory.m */,
			);
			path = YDCategory;
			sourceTree = "<group>";
		};
		5A6124EA20E1E379001C2CCC /* YDNetworking */ = {
			isa = PBXGroup;
			children = (
				5A6124EB20E1E38C001C2CCC /* Controller */,
			);
			path = YDNetworking;
			sourceTree = "<group>";
		};
		5A6124EB20E1E38C001C2CCC /* Controller */ = {
			isa = PBXGroup;
			children = (
				5A6124EC20E1E3AB001C2CCC /* YDNetworkingController.h */,
				5A6124ED20E1E3AB001C2CCC /* YDNetworkingController.m */,
			);
			path = Controller;
			sourceTree = "<group>";
		};
		5A6124EF20E1E5CD001C2CCC /* YDRouter */ = {
			isa = PBXGroup;
			children = (
				5A6124F020E1E609001C2CCC /* YDRouter.h */,
				5A6124F120E1E609001C2CCC /* YDRouter.m */,
			);
			path = YDRouter;
			sourceTree = "<group>";
		};
		5A6124F620E25207001C2CCC /* YDConstant */ = {
			isa = PBXGroup;
			children = (
				5A6124FA20E25244001C2CCC /* YDPrefixHeader.pch */,
				5A6395A120E4926900CA4CC2 /* YDModuleRouterUrl.h */,
				5A6395A220E4926900CA4CC2 /* YDModuleRouterUrl.m */,
				5A6124F720E25220001C2CCC /* YDConstant.h */,
				5A6124F820E25220001C2CCC /* YDConstant.m */,
				5A6395A020E490D900CA4CC2 /* YDMacro.h */,
			);
			path = YDConstant;
			sourceTree = "<group>";
		};
		5A6395A420E4C17C00CA4CC2 /* YDMultiLanguage */ = {
			isa = PBXGroup;
			children = (
				5A6395AF20E4C7D600CA4CC2 /* YDMultiLanguage.h */,
				5A6395B020E4C7D600CA4CC2 /* YDMultiLanguage.m */,
				5A6395AC20E4C24000CA4CC2 /* YDMultiLanguageContainer.h */,
				5A6395AD20E4C24000CA4CC2 /* YDMultiLanguageContainer.m */,
			);
			path = YDMultiLanguage;
			sourceTree = "<group>";
		};
		5A6AA30C20FED8E6001C0210 /* YDMapFramework */ = {
			isa = PBXGroup;
			children = (
				5A6AA31820FEE114001C0210 /* Engine */,
				5A6AA31220FEDEA6001C0210 /* Config */,
				5A6AA30E20FED9A5001C0210 /* Base */,
				5A6AA30D20FED99D001C0210 /* Map */,
			);
			path = YDMapFramework;
			sourceTree = "<group>";
		};
		5A6AA30D20FED99D001C0210 /* Map */ = {
			isa = PBXGroup;
			children = (
				5A6AA31720FEDFED001C0210 /* Amap */,
				5A6AA31520FEDF55001C0210 /* Baidu */,
			);
			path = Map;
			sourceTree = "<group>";
		};
		5A6AA30E20FED9A5001C0210 /* Base */ = {
			isa = PBXGroup;
			children = (
				5A0A630B2105B5E1008F6657 /* Search */,
				5ABA588421002BCD009A5773 /* Location */,
				5A6AA30F20FEDA1C001C0210 /* Views */,
				5A6AA31020FEDA40001C0210 /* YDMapFactory.h */,
			);
			path = Base;
			sourceTree = "<group>";
		};
		5A6AA30F20FEDA1C001C0210 /* Views */ = {
			isa = PBXGroup;
			children = (
				5A6AA31120FEDAC2001C0210 /* YDMapView.h */,
			);
			path = Views;
			sourceTree = "<group>";
		};
		5A6AA31220FEDEA6001C0210 /* Config */ = {
			isa = PBXGroup;
			children = (
				5A6AA33420FF2114001C0210 /* YDConfig.map.xml */,
				5A6AA33F20FF3D0D001C0210 /* YDConfig.map.plist */,
				5A6AA32420FF0919001C0210 /* YDMapPlatform.h */,
				5A6AA32520FF0919001C0210 /* YDMapPlatform.m */,
				5A6AA32720FF09D7001C0210 /* YDMapPlatformXmlParser.h */,
				5A6AA32820FF09D7001C0210 /* YDMapPlatformXmlParser.m */,
				5A6AA34120FF4021001C0210 /* YDMapPlatformPlistParser.h */,
				5A6AA34220FF4021001C0210 /* YDMapPlatformPlistParser.m */,
			);
			path = Config;
			sourceTree = "<group>";
		};
		5A6AA31520FEDF55001C0210 /* Baidu */ = {
			isa = PBXGroup;
			children = (
				5A0A63122105C1CD008F6657 /* Search */,
				5ABA588621002C7B009A5773 /* Location */,
				5A6AA31A20FEE18B001C0210 /* Factory */,
				5A6AA31920FEE181001C0210 /* Views */,
			);
			path = Baidu;
			sourceTree = "<group>";
		};
		5A6AA31720FEDFED001C0210 /* Amap */ = {
			isa = PBXGroup;
			children = (
				5AFADE14210B06DF0058FAC0 /* Search */,
				5ABA588F21007BFA009A5773 /* Location */,
				5A6AA33620FF3294001C0210 /* Factory */,
				5A6AA33720FF32A2001C0210 /* Views */,
			);
			path = Amap;
			sourceTree = "<group>";
		};
		5A6AA31820FEE114001C0210 /* Engine */ = {
			isa = PBXGroup;
			children = (
				5A6AA32A20FF103F001C0210 /* YDMapEngine.h */,
				5A6AA32B20FF103F001C0210 /* YDMapEngine.m */,
			);
			path = Engine;
			sourceTree = "<group>";
		};
		5A6AA31920FEE181001C0210 /* Views */ = {
			isa = PBXGroup;
			children = (
				5A6AA32220FEE723001C0210 /* YDBaiduMapView.h */,
				5A6AA32120FEE723001C0210 /* YDBaiduMapView.m */,
			);
			path = Views;
			sourceTree = "<group>";
		};
		5A6AA31A20FEE18B001C0210 /* Factory */ = {
			isa = PBXGroup;
			children = (
				5A6AA31B20FEE1C6001C0210 /* YDBaiduMapFactory.h */,
				5A6AA31C20FEE1C6001C0210 /* YDBaiduMapFactory.m */,
			);
			path = Factory;
			sourceTree = "<group>";
		};
		5A6AA32D20FF1A80001C0210 /* YDFactoryMap */ = {
			isa = PBXGroup;
			children = (
				5A6AA32E20FF1A9D001C0210 /* Controller */,
			);
			path = YDFactoryMap;
			sourceTree = "<group>";
		};
		5A6AA32E20FF1A9D001C0210 /* Controller */ = {
			isa = PBXGroup;
			children = (
				5A6AA32F20FF1AC4001C0210 /* YDFactoryMapController.h */,
				5A6AA33020FF1AC4001C0210 /* YDFactoryMapController.m */,
			);
			path = Controller;
			sourceTree = "<group>";
		};
		5A6AA33620FF3294001C0210 /* Factory */ = {
			isa = PBXGroup;
			children = (
				5A6AA33820FF32CF001C0210 /* YDAmapMapFactory.h */,
				5A6AA33920FF32CF001C0210 /* YDAmapMapFactory.m */,
			);
			path = Factory;
			sourceTree = "<group>";
		};
		5A6AA33720FF32A2001C0210 /* Views */ = {
			isa = PBXGroup;
			children = (
				5A6AA33B20FF32ED001C0210 /* YDAmapMapView.h */,
				5A6AA33C20FF32ED001C0210 /* YDAmapMapView.m */,
			);
			path = Views;
			sourceTree = "<group>";
		};
		5A9CD35520F3070400657DBA /* YDFactory */ = {
			isa = PBXGroup;
			children = (
				5A9CD36420F30D0600657DBA /* ViewFactory */,
				5A9CD36020F3092500657DBA /* Utils */,
				5A9CD35D20F307F200657DBA /* Config */,
				5A9CD35620F307B100657DBA /* View */,
			);
			path = YDFactory;
			sourceTree = "<group>";
		};
		5A9CD35620F307B100657DBA /* View */ = {
			isa = PBXGroup;
			children = (
				5A9CD35720F307D600657DBA /* YDFactoryButton.h */,
				5A9CD35820F307D600657DBA /* YDFactoryButton.m */,
				5A9CD35A20F307ED00657DBA /* YDFactoryImageView.h */,
				5A9CD35B20F307ED00657DBA /* YDFactoryImageView.m */,
			);
			path = View;
			sourceTree = "<group>";
		};
		5A9CD35D20F307F200657DBA /* Config */ = {
			isa = PBXGroup;
			children = (
				5A9CD35E20F3081900657DBA /* YDViewFactoryConfig.xml */,
			);
			path = Config;
			sourceTree = "<group>";
		};
		5A9CD36020F3092500657DBA /* Utils */ = {
			isa = PBXGroup;
			children = (
				5A9CD36120F3094900657DBA /* YDViewXmlParser.h */,
				5A9CD36220F3094900657DBA /* YDViewXmlParser.m */,
			);
			path = Utils;
			sourceTree = "<group>";
		};
		5A9CD36420F30D0600657DBA /* ViewFactory */ = {
			isa = PBXGroup;
			children = (
				5A9CD36520F30D3200657DBA /* YDViewFactory.h */,
				5A9CD36620F30D3200657DBA /* YDViewFactory.m */,
			);
			path = ViewFactory;
			sourceTree = "<group>";
		};
		5A9CD36820F3102400657DBA /* YDFactory */ = {
			isa = PBXGroup;
			children = (
				5A9CD36920F3103600657DBA /* Controller */,
			);
			path = YDFactory;
			sourceTree = "<group>";
		};
		5A9CD36920F3103600657DBA /* Controller */ = {
			isa = PBXGroup;
			children = (
				5A9CD36A20F3105900657DBA /* YDFactoryController.h */,
				5A9CD36B20F3105900657DBA /* YDFactoryController.m */,
			);
			path = Controller;
			sourceTree = "<group>";
		};
		5ABA588421002BCD009A5773 /* Location */ = {
			isa = PBXGroup;
			children = (
				5ABA588521002C0A009A5773 /* YDUserLocation.h */,
				5ABA588E21002D77009A5773 /* YDLocationServiceDelegate.h */,
				5ABA588D21002D55009A5773 /* YDLocationService.h */,
			);
			path = Location;
			sourceTree = "<group>";
		};
		5ABA588621002C7B009A5773 /* Location */ = {
			isa = PBXGroup;
			children = (
				5ABA588721002CBB009A5773 /* YDBaiduMapUserLocation.h */,
				5ABA588821002CBB009A5773 /* YDBaiduMapUserLocation.m */,
				5ABA588A21002CF9009A5773 /* YDBaiduMapLocationService.h */,
				5ABA588B21002CF9009A5773 /* YDBaiduMapLocationService.m */,
			);
			path = Location;
			sourceTree = "<group>";
		};
		5ABA588F21007BFA009A5773 /* Location */ = {
			isa = PBXGroup;
			children = (
				5ABA589021007C26009A5773 /* YDAmapMapUserLocation.h */,
				5ABA589121007C26009A5773 /* YDAmapMapUserLocation.m */,
				5ABA589321007C48009A5773 /* YDAmapMapLocationService.h */,
				5ABA589421007C48009A5773 /* YDAmapMapLocationService.m */,
			);
			path = Location;
			sourceTree = "<group>";
		};
		5AFADDFE210ACB8D0058FAC0 /* YDSingleton */ = {
			isa = PBXGroup;
			children = (
				5AFADDFF210ACB9F0058FAC0 /* Controller */,
			);
			path = YDSingleton;
			sourceTree = "<group>";
		};
		5AFADDFF210ACB9F0058FAC0 /* Controller */ = {
			isa = PBXGroup;
			children = (
				5AFADE00210ACBBF0058FAC0 /* YDSingletonController.h */,
				5AFADE01210ACBBF0058FAC0 /* YDSingletonController.m */,
			);
			path = Controller;
			sourceTree = "<group>";
		};
		5AFADE03210ACF710058FAC0 /* YDResources */ = {
			isa = PBXGroup;
			children = (
				5AFADE04210ACFE40058FAC0 /* YDBase */,
			);
			path = YDResources;
			sourceTree = "<group>";
		};
		5AFADE04210ACFE40058FAC0 /* YDBase */ = {
			isa = PBXGroup;
			children = (
				5AFADE05210AD1320058FAC0 /* base_back_16@2x.png */,
				5AFADE06210AD1320058FAC0 /* base_back_16@3x.png */,
				5AFADE0D210AD4B80058FAC0 /* base_back_24@2x.png */,
				5AFADE0C210AD4B80058FAC0 /* base_back_24@3x.png */,
			);
			path = YDBase;
			sourceTree = "<group>";
		};
		5AFADE10210AE99C0058FAC0 /* YDSingleton */ = {
			isa = PBXGroup;
			children = (
				5AFADE11210AEA0A0058FAC0 /* YDSingletonPattern.h */,
				5AFADE12210AEA0A0058FAC0 /* YDSingletonPattern.m */,
			);
			path = YDSingleton;
			sourceTree = "<group>";
		};
		5AFADE14210B06DF0058FAC0 /* Search */ = {
			isa = PBXGroup;
			children = (
				5AFADE15210B08330058FAC0 /* YDAmapMapSearch.h */,
				5AFADE16210B08330058FAC0 /* YDAmapMapSearch.m */,
				5AFADE18210B15010058FAC0 /* YDAmapMapSearchResponse.h */,
				5AFADE19210B15010058FAC0 /* YDAmapMapSearchResponse.m */,
				5AFADE1B210B1A970058FAC0 /* YDAmapMapPoiInfo.h */,
				5AFADE1C210B1A970058FAC0 /* YDAmapMapPoiInfo.m */,
			);
			path = Search;
			sourceTree = "<group>";
		};
		62B5EC4820DFE04D00CAF304 = {
			isa = PBXGroup;
			children = (
				5A6AA30A20FED6BD001C0210 /* README.md */,
				62B5EC5320DFE04D00CAF304 /* YDKit */,
				62B5EC5220DFE04D00CAF304 /* Products */,
				150F5C39BDC3C05298846817 /* Pods */,
				DA83401B034BBE016F7B9F21 /* Frameworks */,
			);
			sourceTree = "<group>";
		};
		62B5EC5220DFE04D00CAF304 /* Products */ = {
			isa = PBXGroup;
			children = (
				62B5EC5120DFE04D00CAF304 /* YDKit.app */,
			);
			name = Products;
			sourceTree = "<group>";
		};
		62B5EC5320DFE04D00CAF304 /* YDKit */ = {
			isa = PBXGroup;
			children = (
				5AFADE03210ACF710058FAC0 /* YDResources */,
				62B5EC6A20DFE12F00CAF304 /* YDKit */,
				62B5EC6B20DFE13C00CAF304 /* YDClass */,
				62B5EC5D20DFE04F00CAF304 /* Assets.xcassets */,
			);
			path = YDKit;
			sourceTree = "<group>";
		};
		62B5EC6A20DFE12F00CAF304 /* YDKit */ = {
			isa = PBXGroup;
			children = (
				62B5EC7920DFE7A600CAF304 /* YDKit.h */,
				5AFADE10210AE99C0058FAC0 /* YDSingleton */,
				5A6AA30C20FED8E6001C0210 /* YDMapFramework */,
				5A9CD35520F3070400657DBA /* YDFactory */,
				5A0B1A4820E5FE60005F177C /* YDCategory */,
				5A6395A420E4C17C00CA4CC2 /* YDMultiLanguage */,
				5A6124EF20E1E5CD001C2CCC /* YDRouter */,
				62B5EC6C20DFE19400CAF304 /* YDNetworking */,
			);
			path = YDKit;
			sourceTree = "<group>";
		};
		62B5EC6B20DFE13C00CAF304 /* YDClass */ = {
			isa = PBXGroup;
			children = (
				5AFADDFE210ACB8D0058FAC0 /* YDSingleton */,
				5A6AA32D20FF1A80001C0210 /* YDFactoryMap */,
				5A9CD36820F3102400657DBA /* YDFactory */,
				62B5EC6D20DFE1A900CAF304 /* AppDelegate */,
				5A6124F620E25207001C2CCC /* YDConstant */,
				5A6124EA20E1E379001C2CCC /* YDNetworking */,
				62B5EC7520DFE2D800CAF304 /* YDMainController */,
			);
			path = YDClass;
			sourceTree = "<group>";
		};
		62B5EC6C20DFE19400CAF304 /* YDNetworking */ = {
			isa = PBXGroup;
			children = (
				62B5EC7B20DFE7D700CAF304 /* YDNetworking.h */,
				62B5EC7A20DFE7D700CAF304 /* YDNetworking.m */,
			);
			path = YDNetworking;
			sourceTree = "<group>";
		};
		62B5EC6D20DFE1A900CAF304 /* AppDelegate */ = {
			isa = PBXGroup;
			children = (
				62B5EC6E20DFE29300CAF304 /* AppDelegate.h */,
				62B5EC7120DFE29400CAF304 /* AppDelegate.m */,
				62B5EC6F20DFE29300CAF304 /* main.m */,
				62B5EC7020DFE29400CAF304 /* Info.plist */,
				6280B3C320E8A67900F5E1FC /* Localizable.strings */,
			);
			path = AppDelegate;
			sourceTree = "<group>";
		};
		62B5EC7520DFE2D800CAF304 /* YDMainController */ = {
			isa = PBXGroup;
			children = (
				62B5EC7620DFE31F00CAF304 /* YDMainViewController.h */,
				62B5EC7720DFE31F00CAF304 /* YDMainViewController.m */,
			);
			path = YDMainController;
			sourceTree = "<group>";
		};
		DA83401B034BBE016F7B9F21 /* Frameworks */ = {
			isa = PBXGroup;
			children = (
				5C24B9DCDC02AD3AFDAD7BFA /* libPods-defaults-YDKit.a */,
			);
			name = Frameworks;
			sourceTree = "<group>";
		};
/* End PBXGroup section */

/* Begin PBXNativeTarget section */
		62B5EC5020DFE04D00CAF304 /* YDKit */ = {
			isa = PBXNativeTarget;
			buildConfigurationList = 62B5EC6720DFE04F00CAF304 /* Build configuration list for PBXNativeTarget "YDKit" */;
			buildPhases = (
				FE319B1D6D9F3B03529BA14D /* [CP] Check Pods Manifest.lock */,
				62B5EC4D20DFE04D00CAF304 /* Sources */,
				62B5EC4E20DFE04D00CAF304 /* Frameworks */,
				62B5EC4F20DFE04D00CAF304 /* Resources */,
				2430A7AB0A42D1A76C615AE4 /* [CP] Copy Pods Resources */,
			);
			buildRules = (
			);
			dependencies = (
			);
			name = YDKit;
			productName = YDKit;
			productReference = 62B5EC5120DFE04D00CAF304 /* YDKit.app */;
			productType = "com.apple.product-type.application";
		};
/* End PBXNativeTarget section */

/* Begin PBXProject section */
		62B5EC4920DFE04D00CAF304 /* Project object */ = {
			isa = PBXProject;
			attributes = {
				CLASSPREFIX = YD;
				LastUpgradeCheck = 0930;
				ORGANIZATIONNAME = "王允顶";
				TargetAttributes = {
					62B5EC5020DFE04D00CAF304 = {
						CreatedOnToolsVersion = 9.3;
					};
				};
			};
			buildConfigurationList = 62B5EC4C20DFE04D00CAF304 /* Build configuration list for PBXProject "YDKit" */;
			compatibilityVersion = "Xcode 9.3";
			developmentRegion = en;
			hasScannedForEncodings = 0;
			knownRegions = (
				en,
				Base,
				fr,
				"zh-Hans",
			);
			mainGroup = 62B5EC4820DFE04D00CAF304;
			productRefGroup = 62B5EC5220DFE04D00CAF304 /* Products */;
			projectDirPath = "";
			projectRoot = "";
			targets = (
				62B5EC5020DFE04D00CAF304 /* YDKit */,
			);
		};
/* End PBXProject section */

/* Begin PBXResourcesBuildPhase section */
		62B5EC4F20DFE04D00CAF304 /* Resources */ = {
			isa = PBXResourcesBuildPhase;
			buildActionMask = 2147483647;
			files = (
				5A6AA33520FF2114001C0210 /* YDConfig.map.xml in Resources */,
				5AFADE07210AD1330058FAC0 /* base_back_16@2x.png in Resources */,
				5A6AA34020FF3D0D001C0210 /* YDConfig.map.plist in Resources */,
				5A9CD35F20F3081900657DBA /* YDViewFactoryConfig.xml in Resources */,
				5AFADE0F210AD4B80058FAC0 /* base_back_24@2x.png in Resources */,
				62B5EC7320DFE29400CAF304 /* Info.plist in Resources */,
				5AFADE0E210AD4B80058FAC0 /* base_back_24@3x.png in Resources */,
				5A6AA30B20FED6BD001C0210 /* README.md in Resources */,
				5AFADE08210AD1330058FAC0 /* base_back_16@3x.png in Resources */,
				6280B3C120E8A67900F5E1FC /* Localizable.strings in Resources */,
				62B5EC5E20DFE04F00CAF304 /* Assets.xcassets in Resources */,
			);
			runOnlyForDeploymentPostprocessing = 0;
		};
/* End PBXResourcesBuildPhase section */

/* Begin PBXShellScriptBuildPhase section */
		2430A7AB0A42D1A76C615AE4 /* [CP] Copy Pods Resources */ = {
			isa = PBXShellScriptBuildPhase;
			buildActionMask = 2147483647;
			files = (
			);
			inputPaths = (
				"${SRCROOT}/Pods/Target Support Files/Pods-defaults-YDKit/Pods-defaults-YDKit-resources.sh",
				"${PODS_ROOT}/AMap2DMap-NO-IDFA/MAMapKit.framework/AMap.bundle",
				"${PODS_ROOT}/BaiduMapKit/BaiduMapKit/BaiduMapAPI_Map.framework/Resources/mapapi.bundle",
			);
			name = "[CP] Copy Pods Resources";
			outputPaths = (
				"${TARGET_BUILD_DIR}/${UNLOCALIZED_RESOURCES_FOLDER_PATH}/AMap.bundle",
				"${TARGET_BUILD_DIR}/${UNLOCALIZED_RESOURCES_FOLDER_PATH}/mapapi.bundle",
			);
			runOnlyForDeploymentPostprocessing = 0;
			shellPath = /bin/sh;
			shellScript = "\"${SRCROOT}/Pods/Target Support Files/Pods-defaults-YDKit/Pods-defaults-YDKit-resources.sh\"\n";
			showEnvVarsInLog = 0;
		};
		FE319B1D6D9F3B03529BA14D /* [CP] Check Pods Manifest.lock */ = {
			isa = PBXShellScriptBuildPhase;
			buildActionMask = 2147483647;
			files = (
			);
			inputPaths = (
				"${PODS_PODFILE_DIR_PATH}/Podfile.lock",
				"${PODS_ROOT}/Manifest.lock",
			);
			name = "[CP] Check Pods Manifest.lock";
			outputPaths = (
				"$(DERIVED_FILE_DIR)/Pods-defaults-YDKit-checkManifestLockResult.txt",
			);
			runOnlyForDeploymentPostprocessing = 0;
			shellPath = /bin/sh;
			shellScript = "diff \"${PODS_PODFILE_DIR_PATH}/Podfile.lock\" \"${PODS_ROOT}/Manifest.lock\" > /dev/null\nif [ $? != 0 ] ; then\n    # print error to STDERR\n    echo \"error: The sandbox is not in sync with the Podfile.lock. Run 'pod install' or update your CocoaPods installation.\" >&2\n    exit 1\nfi\n# This output is used by Xcode 'outputs' to avoid re-running this script phase.\necho \"SUCCESS\" > \"${SCRIPT_OUTPUT_FILE_0}\"\n";
			showEnvVarsInLog = 0;
		};
/* End PBXShellScriptBuildPhase section */

/* Begin PBXSourcesBuildPhase section */
		62B5EC4D20DFE04D00CAF304 /* Sources */ = {
			isa = PBXSourcesBuildPhase;
			buildActionMask = 2147483647;
			files = (
				62B5EC7820DFE31F00CAF304 /* YDMainViewController.m in Sources */,
				5ABA589521007C48009A5773 /* YDAmapMapLocationService.m in Sources */,
				5AFADE02210ACBBF0058FAC0 /* YDSingletonController.m in Sources */,
				5AFADE1A210B15010058FAC0 /* YDAmapMapSearchResponse.m in Sources */,
				5A6AA32320FEE723001C0210 /* YDBaiduMapView.m in Sources */,
				5A6AA33D20FF32ED001C0210 /* YDAmapMapView.m in Sources */,
				5A9CD36320F3094900657DBA /* YDViewXmlParser.m in Sources */,
				5AE11C39210738DE00C10064 /* YDBaiduMapPoiInfo.m in Sources */,
				5A0A63182105C272008F6657 /* YDBaiduMapPoiSearchResponse.m in Sources */,
				5ABA589221007C26009A5773 /* YDAmapMapUserLocation.m in Sources */,
				5A6124F920E25220001C2CCC /* YDConstant.m in Sources */,
				5A6124F220E1E609001C2CCC /* YDRouter.m in Sources */,
				62B5EC7420DFE29400CAF304 /* AppDelegate.m in Sources */,
				5A6AA32620FF0919001C0210 /* YDMapPlatform.m in Sources */,
				5A6AA34320FF4021001C0210 /* YDMapPlatformPlistParser.m in Sources */,
				5A6AA32C20FF103F001C0210 /* YDMapEngine.m in Sources */,
				5A6124EE20E1E3AB001C2CCC /* YDNetworkingController.m in Sources */,
				5A0A63152105C232008F6657 /* YDBaiduMapPoiSearch.m in Sources */,
				5A0B1A4E20E600B2005F177C /* NSDictionary+YDCategory.m in Sources */,
				5ABA588C21002CF9009A5773 /* YDBaiduMapLocationService.m in Sources */,
				5AFADE0B210AD1690058FAC0 /* UIViewController+YDCategory.m in Sources */,
				5A6395A320E4926900CA4CC2 /* YDModuleRouterUrl.m in Sources */,
				5AE11C3621072B4F00C10064 /* YDBaiduMapPoiDetailResult.m in Sources */,
				5A6AA31D20FEE1C6001C0210 /* YDBaiduMapFactory.m in Sources */,
				5A6395B120E4C7D600CA4CC2 /* YDMultiLanguage.m in Sources */,
				5AFADE1D210B1A970058FAC0 /* YDAmapMapPoiInfo.m in Sources */,
				5AFADE17210B08330058FAC0 /* YDAmapMapSearch.m in Sources */,
				5A9CD35C20F307ED00657DBA /* YDFactoryImageView.m in Sources */,
				5AE11C332107200700C10064 /* YDPoiSearchRequest.m in Sources */,
				5A6AA32920FF09D7001C0210 /* YDMapPlatformXmlParser.m in Sources */,
				5A6AA33A20FF32CF001C0210 /* YDAmapMapFactory.m in Sources */,
				5A6AA33120FF1AC4001C0210 /* YDFactoryMapController.m in Sources */,
				5AFADE13210AEA0A0058FAC0 /* YDSingletonPattern.m in Sources */,
				5A9CD36C20F3105900657DBA /* YDFactoryController.m in Sources */,
				5ABA588921002CBB009A5773 /* YDBaiduMapUserLocation.m in Sources */,
				5A9CD36720F30D3200657DBA /* YDViewFactory.m in Sources */,
				62B5EC7C20DFE7D700CAF304 /* YDNetworking.m in Sources */,
				5A9CD35920F307D600657DBA /* YDFactoryButton.m in Sources */,
				62B5EC7220DFE29400CAF304 /* main.m in Sources */,
				5A6395AE20E4C24000CA4CC2 /* YDMultiLanguageContainer.m in Sources */,
				5A0B1A4B20E5FF04005F177C /* NSString+YDCategory.m in Sources */,
			);
			runOnlyForDeploymentPostprocessing = 0;
		};
/* End PBXSourcesBuildPhase section */

/* Begin PBXVariantGroup section */
		6280B3C320E8A67900F5E1FC /* Localizable.strings */ = {
			isa = PBXVariantGroup;
			children = (
				6280B3C220E8A67900F5E1FC /* en */,
				6280B3C420E8A69100F5E1FC /* fr */,
				6280B3C520E8A69600F5E1FC /* zh-Hans */,
			);
			name = Localizable.strings;
			sourceTree = "<group>";
		};
/* End PBXVariantGroup section */

/* Begin XCBuildConfiguration section */
		62B5EC6520DFE04F00CAF304 /* Debug */ = {
			isa = XCBuildConfiguration;
			buildSettings = {
				ALWAYS_SEARCH_USER_PATHS = NO;
				CLANG_ANALYZER_LOCALIZABILITY_NONLOCALIZED = YES;
				CLANG_ANALYZER_NONNULL = YES;
				CLANG_ANALYZER_NUMBER_OBJECT_CONVERSION = YES_AGGRESSIVE;
				CLANG_CXX_LANGUAGE_STANDARD = "gnu++14";
				CLANG_CXX_LIBRARY = "libc++";
				CLANG_ENABLE_MODULES = YES;
				CLANG_ENABLE_OBJC_ARC = YES;
				CLANG_ENABLE_OBJC_WEAK = YES;
				CLANG_WARN_BLOCK_CAPTURE_AUTORELEASING = YES;
				CLANG_WARN_BOOL_CONVERSION = YES;
				CLANG_WARN_COMMA = YES;
				CLANG_WARN_CONSTANT_CONVERSION = YES;
				CLANG_WARN_DEPRECATED_OBJC_IMPLEMENTATIONS = YES;
				CLANG_WARN_DIRECT_OBJC_ISA_USAGE = YES_ERROR;
				CLANG_WARN_DOCUMENTATION_COMMENTS = YES;
				CLANG_WARN_EMPTY_BODY = YES;
				CLANG_WARN_ENUM_CONVERSION = YES;
				CLANG_WARN_INFINITE_RECURSION = YES;
				CLANG_WARN_INT_CONVERSION = YES;
				CLANG_WARN_NON_LITERAL_NULL_CONVERSION = YES;
				CLANG_WARN_OBJC_IMPLICIT_RETAIN_SELF = YES;
				CLANG_WARN_OBJC_LITERAL_CONVERSION = YES;
				CLANG_WARN_OBJC_ROOT_CLASS = YES_ERROR;
				CLANG_WARN_RANGE_LOOP_ANALYSIS = YES;
				CLANG_WARN_STRICT_PROTOTYPES = YES;
				CLANG_WARN_SUSPICIOUS_MOVE = YES;
				CLANG_WARN_UNGUARDED_AVAILABILITY = YES_AGGRESSIVE;
				CLANG_WARN_UNREACHABLE_CODE = YES;
				CLANG_WARN__DUPLICATE_METHOD_MATCH = YES;
				CODE_SIGN_IDENTITY = "iPhone Developer";
				COPY_PHASE_STRIP = NO;
				DEBUG_INFORMATION_FORMAT = dwarf;
				ENABLE_STRICT_OBJC_MSGSEND = YES;
				ENABLE_TESTABILITY = YES;
				GCC_C_LANGUAGE_STANDARD = gnu11;
				GCC_DYNAMIC_NO_PIC = NO;
				GCC_NO_COMMON_BLOCKS = YES;
				GCC_OPTIMIZATION_LEVEL = 0;
				GCC_PREPROCESSOR_DEFINITIONS = (
					"DEBUG=1",
					"$(inherited)",
				);
				GCC_WARN_64_TO_32_BIT_CONVERSION = YES;
				GCC_WARN_ABOUT_RETURN_TYPE = YES_ERROR;
				GCC_WARN_UNDECLARED_SELECTOR = YES;
				GCC_WARN_UNINITIALIZED_AUTOS = YES_AGGRESSIVE;
				GCC_WARN_UNUSED_FUNCTION = YES;
				GCC_WARN_UNUSED_VARIABLE = YES;
				IPHONEOS_DEPLOYMENT_TARGET = 11.3;
				MTL_ENABLE_DEBUG_INFO = YES;
				ONLY_ACTIVE_ARCH = YES;
				SDKROOT = iphoneos;
			};
			name = Debug;
		};
		62B5EC6620DFE04F00CAF304 /* Release */ = {
			isa = XCBuildConfiguration;
			buildSettings = {
				ALWAYS_SEARCH_USER_PATHS = NO;
				CLANG_ANALYZER_LOCALIZABILITY_NONLOCALIZED = YES;
				CLANG_ANALYZER_NONNULL = YES;
				CLANG_ANALYZER_NUMBER_OBJECT_CONVERSION = YES_AGGRESSIVE;
				CLANG_CXX_LANGUAGE_STANDARD = "gnu++14";
				CLANG_CXX_LIBRARY = "libc++";
				CLANG_ENABLE_MODULES = YES;
				CLANG_ENABLE_OBJC_ARC = YES;
				CLANG_ENABLE_OBJC_WEAK = YES;
				CLANG_WARN_BLOCK_CAPTURE_AUTORELEASING = YES;
				CLANG_WARN_BOOL_CONVERSION = YES;
				CLANG_WARN_COMMA = YES;
				CLANG_WARN_CONSTANT_CONVERSION = YES;
				CLANG_WARN_DEPRECATED_OBJC_IMPLEMENTATIONS = YES;
				CLANG_WARN_DIRECT_OBJC_ISA_USAGE = YES_ERROR;
				CLANG_WARN_DOCUMENTATION_COMMENTS = YES;
				CLANG_WARN_EMPTY_BODY = YES;
				CLANG_WARN_ENUM_CONVERSION = YES;
				CLANG_WARN_INFINITE_RECURSION = YES;
				CLANG_WARN_INT_CONVERSION = YES;
				CLANG_WARN_NON_LITERAL_NULL_CONVERSION = YES;
				CLANG_WARN_OBJC_IMPLICIT_RETAIN_SELF = YES;
				CLANG_WARN_OBJC_LITERAL_CONVERSION = YES;
				CLANG_WARN_OBJC_ROOT_CLASS = YES_ERROR;
				CLANG_WARN_RANGE_LOOP_ANALYSIS = YES;
				CLANG_WARN_STRICT_PROTOTYPES = YES;
				CLANG_WARN_SUSPICIOUS_MOVE = YES;
				CLANG_WARN_UNGUARDED_AVAILABILITY = YES_AGGRESSIVE;
				CLANG_WARN_UNREACHABLE_CODE = YES;
				CLANG_WARN__DUPLICATE_METHOD_MATCH = YES;
				CODE_SIGN_IDENTITY = "iPhone Developer";
				COPY_PHASE_STRIP = NO;
				DEBUG_INFORMATION_FORMAT = "dwarf-with-dsym";
				ENABLE_NS_ASSERTIONS = NO;
				ENABLE_STRICT_OBJC_MSGSEND = YES;
				GCC_C_LANGUAGE_STANDARD = gnu11;
				GCC_NO_COMMON_BLOCKS = YES;
				GCC_WARN_64_TO_32_BIT_CONVERSION = YES;
				GCC_WARN_ABOUT_RETURN_TYPE = YES_ERROR;
				GCC_WARN_UNDECLARED_SELECTOR = YES;
				GCC_WARN_UNINITIALIZED_AUTOS = YES_AGGRESSIVE;
				GCC_WARN_UNUSED_FUNCTION = YES;
				GCC_WARN_UNUSED_VARIABLE = YES;
				IPHONEOS_DEPLOYMENT_TARGET = 11.3;
				MTL_ENABLE_DEBUG_INFO = NO;
				SDKROOT = iphoneos;
				VALIDATE_PRODUCT = YES;
			};
			name = Release;
		};
		62B5EC6820DFE04F00CAF304 /* Debug */ = {
			isa = XCBuildConfiguration;
			baseConfigurationReference = 012D797C5DC694CE4FFCC97B /* Pods-defaults-YDKit.debug.xcconfig */;
			buildSettings = {
				ASSETCATALOG_COMPILER_APPICON_NAME = AppIcon;
				ASSETCATALOG_COMPILER_LAUNCHIMAGE_NAME = LaunchImage;
				CODE_SIGN_IDENTITY = "iPhone Developer";
				CODE_SIGN_STYLE = Automatic;
				DEVELOPMENT_TEAM = 45Q4N5684Q;
				GCC_PRECOMPILE_PREFIX_HEADER = YES;
				GCC_PREFIX_HEADER = "$(SRCROOT)/YDKit/YDClass/YDConstant/YDPrefixHeader.pch";
				INFOPLIST_FILE = "$(SRCROOT)/YDKit/YDClass/AppDelegate/Info.plist";
				IPHONEOS_DEPLOYMENT_TARGET = 8.0;
				LD_RUNPATH_SEARCH_PATHS = (
					"$(inherited)",
					"@executable_path/Frameworks",
				);
				PRODUCT_BUNDLE_IDENTIFIER = com.wuyezhiguhun.YDKit;
				PRODUCT_NAME = "$(TARGET_NAME)";
				PROVISIONING_PROFILE = "";
				PROVISIONING_PROFILE_SPECIFIER = "";
				TARGETED_DEVICE_FAMILY = 1;
			};
			name = Debug;
		};
		62B5EC6920DFE04F00CAF304 /* Release */ = {
			isa = XCBuildConfiguration;
			baseConfigurationReference = E9ABED0581171F0E07A7BF78 /* Pods-defaults-YDKit.release.xcconfig */;
			buildSettings = {
				ASSETCATALOG_COMPILER_APPICON_NAME = AppIcon;
				ASSETCATALOG_COMPILER_LAUNCHIMAGE_NAME = LaunchImage;
				CODE_SIGN_IDENTITY = "iPhone Developer";
				CODE_SIGN_STYLE = Automatic;
				DEVELOPMENT_TEAM = 45Q4N5684Q;
				GCC_PRECOMPILE_PREFIX_HEADER = YES;
				GCC_PREFIX_HEADER = "$(SRCROOT)/YDKit/YDClass/YDConstant/YDPrefixHeader.pch";
				INFOPLIST_FILE = "$(SRCROOT)/YDKit/YDClass/AppDelegate/Info.plist";
				IPHONEOS_DEPLOYMENT_TARGET = 8.0;
				LD_RUNPATH_SEARCH_PATHS = (
					"$(inherited)",
					"@executable_path/Frameworks",
				);
				PRODUCT_BUNDLE_IDENTIFIER = com.wuyezhiguhun.YDKit;
				PRODUCT_NAME = "$(TARGET_NAME)";
				PROVISIONING_PROFILE = "";
				PROVISIONING_PROFILE_SPECIFIER = "";
				TARGETED_DEVICE_FAMILY = 1;
			};
			name = Release;
		};
/* End XCBuildConfiguration section */

/* Begin XCConfigurationList section */
		62B5EC4C20DFE04D00CAF304 /* Build configuration list for PBXProject "YDKit" */ = {
			isa = XCConfigurationList;
			buildConfigurations = (
				62B5EC6520DFE04F00CAF304 /* Debug */,
				62B5EC6620DFE04F00CAF304 /* Release */,
			);
			defaultConfigurationIsVisible = 0;
			defaultConfigurationName = Release;
		};
		62B5EC6720DFE04F00CAF304 /* Build configuration list for PBXNativeTarget "YDKit" */ = {
			isa = XCConfigurationList;
			buildConfigurations = (
				62B5EC6820DFE04F00CAF304 /* Debug */,
				62B5EC6920DFE04F00CAF304 /* Release */,
			);
			defaultConfigurationIsVisible = 0;
			defaultConfigurationName = Release;
		};
/* End XCConfigurationList section */
	};
	rootObject = 62B5EC4920DFE04D00CAF304 /* Project object */;
}
