// !$*UTF8*$!
{
	archiveVersion = 1;
	classes = {
	};
	objectVersion = 50;
	objects = {

/* Begin PBXBuildFile section */
		01B34A171969F9487F9E1FB1 /* libPods-defaults-YDKit.a in Frameworks */ = {isa = PBXBuildFile; fileRef = 5C24B9DCDC02AD3AFDAD7BFA /* libPods-defaults-YDKit.a */; };
		5A0B1A4B20E5FF04005F177C /* NSString+YDCategory.m in Sources */ = {isa = PBXBuildFile; fileRef = 5A0B1A4A20E5FF04005F177C /* NSString+YDCategory.m */; };
		5A0B1A4E20E600B2005F177C /* NSDictionary+YDCategory.m in Sources */ = {isa = PBXBuildFile; fileRef = 5A0B1A4D20E600B2005F177C /* NSDictionary+YDCategory.m */; };
		5A6124EE20E1E3AB001C2CCC /* YDNetworkingController.m in Sources */ = {isa = PBXBuildFile; fileRef = 5A6124ED20E1E3AB001C2CCC /* YDNetworkingController.m */; };
		5A6124F220E1E609001C2CCC /* YDRouter.m in Sources */ = {isa = PBXBuildFile; fileRef = 5A6124F120E1E609001C2CCC /* YDRouter.m */; };
		5A6124F920E25220001C2CCC /* YDConstant.m in Sources */ = {isa = PBXBuildFile; fileRef = 5A6124F820E25220001C2CCC /* YDConstant.m */; };
		5A6395A320E4926900CA4CC2 /* YDModuleRouterUrl.m in Sources */ = {isa = PBXBuildFile; fileRef = 5A6395A220E4926900CA4CC2 /* YDModuleRouterUrl.m */; };
		5A6395AE20E4C24000CA4CC2 /* YDMultiLanguageContainer.m in Sources */ = {isa = PBXBuildFile; fileRef = 5A6395AD20E4C24000CA4CC2 /* YDMultiLanguageContainer.m */; };
		5A6395B120E4C7D600CA4CC2 /* YDMultiLanguage.m in Sources */ = {isa = PBXBuildFile; fileRef = 5A6395B020E4C7D600CA4CC2 /* YDMultiLanguage.m */; };
		62B5EC5E20DFE04F00CAF304 /* Assets.xcassets in Resources */ = {isa = PBXBuildFile; fileRef = 62B5EC5D20DFE04F00CAF304 /* Assets.xcassets */; };
		62B5EC7220DFE29400CAF304 /* main.m in Sources */ = {isa = PBXBuildFile; fileRef = 62B5EC6F20DFE29300CAF304 /* main.m */; };
		62B5EC7320DFE29400CAF304 /* Info.plist in Resources */ = {isa = PBXBuildFile; fileRef = 62B5EC7020DFE29400CAF304 /* Info.plist */; };
		62B5EC7420DFE29400CAF304 /* AppDelegate.m in Sources */ = {isa = PBXBuildFile; fileRef = 62B5EC7120DFE29400CAF304 /* AppDelegate.m */; };
		62B5EC7820DFE31F00CAF304 /* YDMainViewController.m in Sources */ = {isa = PBXBuildFile; fileRef = 62B5EC7720DFE31F00CAF304 /* YDMainViewController.m */; };
		62B5EC7C20DFE7D700CAF304 /* YDNetworking.m in Sources */ = {isa = PBXBuildFile; fileRef = 62B5EC7A20DFE7D700CAF304 /* YDNetworking.m */; };
/* End PBXBuildFile section */

/* Begin PBXFileReference section */
		012D797C5DC694CE4FFCC97B /* Pods-defaults-YDKit.debug.xcconfig */ = {isa = PBXFileReference; includeInIndex = 1; lastKnownFileType = text.xcconfig; name = "Pods-defaults-YDKit.debug.xcconfig"; path = "Pods/Target Support Files/Pods-defaults-YDKit/Pods-defaults-YDKit.debug.xcconfig"; sourceTree = "<group>"; };
		5A0B1A4920E5FF04005F177C /* NSString+YDCategory.h */ = {isa = PBXFileReference; lastKnownFileType = sourcecode.c.h; path = "NSString+YDCategory.h"; sourceTree = "<group>"; };
		5A0B1A4A20E5FF04005F177C /* NSString+YDCategory.m */ = {isa = PBXFileReference; lastKnownFileType = sourcecode.c.objc; path = "NSString+YDCategory.m"; sourceTree = "<group>"; };
		5A0B1A4C20E600B2005F177C /* NSDictionary+YDCategory.h */ = {isa = PBXFileReference; lastKnownFileType = sourcecode.c.h; path = "NSDictionary+YDCategory.h"; sourceTree = "<group>"; };
		5A0B1A4D20E600B2005F177C /* NSDictionary+YDCategory.m */ = {isa = PBXFileReference; lastKnownFileType = sourcecode.c.objc; path = "NSDictionary+YDCategory.m"; sourceTree = "<group>"; };
		5A6124EC20E1E3AB001C2CCC /* YDNetworkingController.h */ = {isa = PBXFileReference; lastKnownFileType = sourcecode.c.h; path = YDNetworkingController.h; sourceTree = "<group>"; };
		5A6124ED20E1E3AB001C2CCC /* YDNetworkingController.m */ = {isa = PBXFileReference; lastKnownFileType = sourcecode.c.objc; path = YDNetworkingController.m; sourceTree = "<group>"; };
		5A6124F020E1E609001C2CCC /* YDRouter.h */ = {isa = PBXFileReference; lastKnownFileType = sourcecode.c.h; path = YDRouter.h; sourceTree = "<group>"; };
		5A6124F120E1E609001C2CCC /* YDRouter.m */ = {isa = PBXFileReference; lastKnownFileType = sourcecode.c.objc; path = YDRouter.m; sourceTree = "<group>"; };
		5A6124F720E25220001C2CCC /* YDConstant.h */ = {isa = PBXFileReference; lastKnownFileType = sourcecode.c.h; path = YDConstant.h; sourceTree = "<group>"; };
		5A6124F820E25220001C2CCC /* YDConstant.m */ = {isa = PBXFileReference; lastKnownFileType = sourcecode.c.objc; path = YDConstant.m; sourceTree = "<group>"; };
		5A6124FA20E25244001C2CCC /* YDPrefixHeader.pch */ = {isa = PBXFileReference; lastKnownFileType = sourcecode.c.h; path = YDPrefixHeader.pch; sourceTree = "<group>"; };
		5A6395A020E490D900CA4CC2 /* YDMacro.h */ = {isa = PBXFileReference; lastKnownFileType = sourcecode.c.h; path = YDMacro.h; sourceTree = "<group>"; };
		5A6395A120E4926900CA4CC2 /* YDModuleRouterUrl.h */ = {isa = PBXFileReference; lastKnownFileType = sourcecode.c.h; path = YDModuleRouterUrl.h; sourceTree = "<group>"; };
		5A6395A220E4926900CA4CC2 /* YDModuleRouterUrl.m */ = {isa = PBXFileReference; lastKnownFileType = sourcecode.c.objc; path = YDModuleRouterUrl.m; sourceTree = "<group>"; };
		5A6395AC20E4C24000CA4CC2 /* YDMultiLanguageContainer.h */ = {isa = PBXFileReference; lastKnownFileType = sourcecode.c.h; path = YDMultiLanguageContainer.h; sourceTree = "<group>"; };
		5A6395AD20E4C24000CA4CC2 /* YDMultiLanguageContainer.m */ = {isa = PBXFileReference; lastKnownFileType = sourcecode.c.objc; path = YDMultiLanguageContainer.m; sourceTree = "<group>"; };
		5A6395AF20E4C7D600CA4CC2 /* YDMultiLanguage.h */ = {isa = PBXFileReference; lastKnownFileType = sourcecode.c.h; path = YDMultiLanguage.h; sourceTree = "<group>"; };
		5A6395B020E4C7D600CA4CC2 /* YDMultiLanguage.m */ = {isa = PBXFileReference; lastKnownFileType = sourcecode.c.objc; path = YDMultiLanguage.m; sourceTree = "<group>"; };
		5C24B9DCDC02AD3AFDAD7BFA /* libPods-defaults-YDKit.a */ = {isa = PBXFileReference; explicitFileType = archive.ar; includeInIndex = 0; path = "libPods-defaults-YDKit.a"; sourceTree = BUILT_PRODUCTS_DIR; };
		62B5EC5120DFE04D00CAF304 /* YDKit.app */ = {isa = PBXFileReference; explicitFileType = wrapper.application; includeInIndex = 0; path = YDKit.app; sourceTree = BUILT_PRODUCTS_DIR; };
		62B5EC5D20DFE04F00CAF304 /* Assets.xcassets */ = {isa = PBXFileReference; lastKnownFileType = folder.assetcatalog; path = Assets.xcassets; sourceTree = "<group>"; };
		62B5EC6E20DFE29300CAF304 /* AppDelegate.h */ = {isa = PBXFileReference; fileEncoding = 4; lastKnownFileType = sourcecode.c.h; path = AppDelegate.h; sourceTree = "<group>"; };
		62B5EC6F20DFE29300CAF304 /* main.m */ = {isa = PBXFileReference; fileEncoding = 4; lastKnownFileType = sourcecode.c.objc; path = main.m; sourceTree = "<group>"; };
		62B5EC7020DFE29400CAF304 /* Info.plist */ = {isa = PBXFileReference; fileEncoding = 4; lastKnownFileType = text.plist.xml; path = Info.plist; sourceTree = "<group>"; };
		62B5EC7120DFE29400CAF304 /* AppDelegate.m */ = {isa = PBXFileReference; fileEncoding = 4; lastKnownFileType = sourcecode.c.objc; path = AppDelegate.m; sourceTree = "<group>"; };
		62B5EC7620DFE31F00CAF304 /* YDMainViewController.h */ = {isa = PBXFileReference; lastKnownFileType = sourcecode.c.h; path = YDMainViewController.h; sourceTree = "<group>"; };
		62B5EC7720DFE31F00CAF304 /* YDMainViewController.m */ = {isa = PBXFileReference; lastKnownFileType = sourcecode.c.objc; path = YDMainViewController.m; sourceTree = "<group>"; };
		62B5EC7920DFE7A600CAF304 /* YDKit.h */ = {isa = PBXFileReference; lastKnownFileType = sourcecode.c.h; path = YDKit.h; sourceTree = "<group>"; };
		62B5EC7A20DFE7D700CAF304 /* YDNetworking.m */ = {isa = PBXFileReference; fileEncoding = 4; lastKnownFileType = sourcecode.c.objc; path = YDNetworking.m; sourceTree = "<group>"; };
		62B5EC7B20DFE7D700CAF304 /* YDNetworking.h */ = {isa = PBXFileReference; fileEncoding = 4; lastKnownFileType = sourcecode.c.h; path = YDNetworking.h; sourceTree = "<group>"; };
		E9ABED0581171F0E07A7BF78 /* Pods-defaults-YDKit.release.xcconfig */ = {isa = PBXFileReference; includeInIndex = 1; lastKnownFileType = text.xcconfig; name = "Pods-defaults-YDKit.release.xcconfig"; path = "Pods/Target Support Files/Pods-defaults-YDKit/Pods-defaults-YDKit.release.xcconfig"; sourceTree = "<group>"; };
/* End PBXFileReference section */

/* Begin PBXFrameworksBuildPhase section */
		62B5EC4E20DFE04D00CAF304 /* Frameworks */ = {
			isa = PBXFrameworksBuildPhase;
			buildActionMask = 2147483647;
			files = (
				01B34A171969F9487F9E1FB1 /* libPods-defaults-YDKit.a in Frameworks */,
			);
			runOnlyForDeploymentPostprocessing = 0;
		};
/* End PBXFrameworksBuildPhase section */

/* Begin PBXGroup section */
		150F5C39BDC3C05298846817 /* Pods */ = {
			isa = PBXGroup;
			children = (
				012D797C5DC694CE4FFCC97B /* Pods-defaults-YDKit.debug.xcconfig */,
				E9ABED0581171F0E07A7BF78 /* Pods-defaults-YDKit.release.xcconfig */,
			);
			name = Pods;
			sourceTree = "<group>";
		};
		5A0B1A4820E5FE60005F177C /* YDCategory */ = {
			isa = PBXGroup;
			children = (
				5A0B1A4920E5FF04005F177C /* NSString+YDCategory.h */,
				5A0B1A4A20E5FF04005F177C /* NSString+YDCategory.m */,
				5A0B1A4C20E600B2005F177C /* NSDictionary+YDCategory.h */,
				5A0B1A4D20E600B2005F177C /* NSDictionary+YDCategory.m */,
			);
			path = YDCategory;
			sourceTree = "<group>";
		};
		5A6124EA20E1E379001C2CCC /* YDNetworking */ = {
			isa = PBXGroup;
			children = (
				5A6124EB20E1E38C001C2CCC /* Controller */,
			);
			path = YDNetworking;
			sourceTree = "<group>";
		};
		5A6124EB20E1E38C001C2CCC /* Controller */ = {
			isa = PBXGroup;
			children = (
				5A6124EC20E1E3AB001C2CCC /* YDNetworkingController.h */,
				5A6124ED20E1E3AB001C2CCC /* YDNetworkingController.m */,
			);
			path = Controller;
			sourceTree = "<group>";
		};
		5A6124EF20E1E5CD001C2CCC /* YDRouter */ = {
			isa = PBXGroup;
			children = (
				5A6124F020E1E609001C2CCC /* YDRouter.h */,
				5A6124F120E1E609001C2CCC /* YDRouter.m */,
			);
			path = YDRouter;
			sourceTree = "<group>";
		};
		5A6124F620E25207001C2CCC /* YDConstant */ = {
			isa = PBXGroup;
			children = (
				5A6124FA20E25244001C2CCC /* YDPrefixHeader.pch */,
				5A6395A120E4926900CA4CC2 /* YDModuleRouterUrl.h */,
				5A6395A220E4926900CA4CC2 /* YDModuleRouterUrl.m */,
				5A6124F720E25220001C2CCC /* YDConstant.h */,
				5A6124F820E25220001C2CCC /* YDConstant.m */,
				5A6395A020E490D900CA4CC2 /* YDMacro.h */,
			);
			path = YDConstant;
			sourceTree = "<group>";
		};
		5A6395A420E4C17C00CA4CC2 /* YDMultiLanguage */ = {
			isa = PBXGroup;
			children = (
				5A6395AF20E4C7D600CA4CC2 /* YDMultiLanguage.h */,
				5A6395B020E4C7D600CA4CC2 /* YDMultiLanguage.m */,
				5A6395AC20E4C24000CA4CC2 /* YDMultiLanguageContainer.h */,
				5A6395AD20E4C24000CA4CC2 /* YDMultiLanguageContainer.m */,
			);
			path = YDMultiLanguage;
			sourceTree = "<group>";
		};
		62B5EC4820DFE04D00CAF304 = {
			isa = PBXGroup;
			children = (
				62B5EC5320DFE04D00CAF304 /* YDKit */,
				62B5EC5220DFE04D00CAF304 /* Products */,
				150F5C39BDC3C05298846817 /* Pods */,
				DA83401B034BBE016F7B9F21 /* Frameworks */,
			);
			sourceTree = "<group>";
		};
		62B5EC5220DFE04D00CAF304 /* Products */ = {
			isa = PBXGroup;
			children = (
				62B5EC5120DFE04D00CAF304 /* YDKit.app */,
			);
			name = Products;
			sourceTree = "<group>";
		};
		62B5EC5320DFE04D00CAF304 /* YDKit */ = {
			isa = PBXGroup;
			children = (
				62B5EC6A20DFE12F00CAF304 /* YDKit */,
				62B5EC6B20DFE13C00CAF304 /* YDClass */,
				62B5EC5D20DFE04F00CAF304 /* Assets.xcassets */,
			);
			path = YDKit;
			sourceTree = "<group>";
		};
		62B5EC6A20DFE12F00CAF304 /* YDKit */ = {
			isa = PBXGroup;
			children = (
				62B5EC7920DFE7A600CAF304 /* YDKit.h */,
				5A0B1A4820E5FE60005F177C /* YDCategory */,
				5A6395A420E4C17C00CA4CC2 /* YDMultiLanguage */,
				5A6124EF20E1E5CD001C2CCC /* YDRouter */,
				62B5EC6C20DFE19400CAF304 /* YDNetworking */,
			);
			path = YDKit;
			sourceTree = "<group>";
		};
		62B5EC6B20DFE13C00CAF304 /* YDClass */ = {
			isa = PBXGroup;
			children = (
				5A6124F620E25207001C2CCC /* YDConstant */,
				5A6124EA20E1E379001C2CCC /* YDNetworking */,
				62B5EC7520DFE2D800CAF304 /* YDMainController */,
				62B5EC6D20DFE1A900CAF304 /* AppDelegate */,
			);
			path = YDClass;
			sourceTree = "<group>";
		};
		62B5EC6C20DFE19400CAF304 /* YDNetworking */ = {
			isa = PBXGroup;
			children = (
				62B5EC7B20DFE7D700CAF304 /* YDNetworking.h */,
				62B5EC7A20DFE7D700CAF304 /* YDNetworking.m */,
			);
			path = YDNetworking;
			sourceTree = "<group>";
		};
		62B5EC6D20DFE1A900CAF304 /* AppDelegate */ = {
			isa = PBXGroup;
			children = (
				62B5EC6E20DFE29300CAF304 /* AppDelegate.h */,
				62B5EC7120DFE29400CAF304 /* AppDelegate.m */,
				62B5EC6F20DFE29300CAF304 /* main.m */,
				62B5EC7020DFE29400CAF304 /* Info.plist */,
			);
			path = AppDelegate;
			sourceTree = "<group>";
		};
		62B5EC7520DFE2D800CAF304 /* YDMainController */ = {
			isa = PBXGroup;
			children = (
				62B5EC7620DFE31F00CAF304 /* YDMainViewController.h */,
				62B5EC7720DFE31F00CAF304 /* YDMainViewController.m */,
			);
			path = YDMainController;
			sourceTree = "<group>";
		};
		DA83401B034BBE016F7B9F21 /* Frameworks */ = {
			isa = PBXGroup;
			children = (
				5C24B9DCDC02AD3AFDAD7BFA /* libPods-defaults-YDKit.a */,
			);
			name = Frameworks;
			sourceTree = "<group>";
		};
/* End PBXGroup section */

/* Begin PBXNativeTarget section */
		62B5EC5020DFE04D00CAF304 /* YDKit */ = {
			isa = PBXNativeTarget;
			buildConfigurationList = 62B5EC6720DFE04F00CAF304 /* Build configuration list for PBXNativeTarget "YDKit" */;
			buildPhases = (
				FE319B1D6D9F3B03529BA14D /* [CP] Check Pods Manifest.lock */,
				62B5EC4D20DFE04D00CAF304 /* Sources */,
				62B5EC4E20DFE04D00CAF304 /* Frameworks */,
				62B5EC4F20DFE04D00CAF304 /* Resources */,
			);
			buildRules = (
			);
			dependencies = (
			);
			name = YDKit;
			productName = YDKit;
			productReference = 62B5EC5120DFE04D00CAF304 /* YDKit.app */;
			productType = "com.apple.product-type.application";
		};
/* End PBXNativeTarget section */

/* Begin PBXProject section */
		62B5EC4920DFE04D00CAF304 /* Project object */ = {
			isa = PBXProject;
			attributes = {
				CLASSPREFIX = YD;
				LastUpgradeCheck = 0930;
				ORGANIZATIONNAME = "王允顶";
				TargetAttributes = {
					62B5EC5020DFE04D00CAF304 = {
						CreatedOnToolsVersion = 9.3;
					};
				};
			};
			buildConfigurationList = 62B5EC4C20DFE04D00CAF304 /* Build configuration list for PBXProject "YDKit" */;
			compatibilityVersion = "Xcode 9.3";
			developmentRegion = en;
			hasScannedForEncodings = 0;
			knownRegions = (
				en,
				Base,
			);
			mainGroup = 62B5EC4820DFE04D00CAF304;
			productRefGroup = 62B5EC5220DFE04D00CAF304 /* Products */;
			projectDirPath = "";
			projectRoot = "";
			targets = (
				62B5EC5020DFE04D00CAF304 /* YDKit */,
			);
		};
/* End PBXProject section */

/* Begin PBXResourcesBuildPhase section */
		62B5EC4F20DFE04D00CAF304 /* Resources */ = {
			isa = PBXResourcesBuildPhase;
			buildActionMask = 2147483647;
			files = (
				62B5EC7320DFE29400CAF304 /* Info.plist in Resources */,
				62B5EC5E20DFE04F00CAF304 /* Assets.xcassets in Resources */,
			);
			runOnlyForDeploymentPostprocessing = 0;
		};
/* End PBXResourcesBuildPhase section */

/* Begin PBXShellScriptBuildPhase section */
		FE319B1D6D9F3B03529BA14D /* [CP] Check Pods Manifest.lock */ = {
			isa = PBXShellScriptBuildPhase;
			buildActionMask = 2147483647;
			files = (
			);
			inputPaths = (
				"${PODS_PODFILE_DIR_PATH}/Podfile.lock",
				"${PODS_ROOT}/Manifest.lock",
			);
			name = "[CP] Check Pods Manifest.lock";
			outputPaths = (
				"$(DERIVED_FILE_DIR)/Pods-defaults-YDKit-checkManifestLockResult.txt",
			);
			runOnlyForDeploymentPostprocessing = 0;
			shellPath = /bin/sh;
			shellScript = "diff \"${PODS_PODFILE_DIR_PATH}/Podfile.lock\" \"${PODS_ROOT}/Manifest.lock\" > /dev/null\nif [ $? != 0 ] ; then\n    # print error to STDERR\n    echo \"error: The sandbox is not in sync with the Podfile.lock. Run 'pod install' or update your CocoaPods installation.\" >&2\n    exit 1\nfi\n# This output is used by Xcode 'outputs' to avoid re-running this script phase.\necho \"SUCCESS\" > \"${SCRIPT_OUTPUT_FILE_0}\"\n";
			showEnvVarsInLog = 0;
		};
/* End PBXShellScriptBuildPhase section */

/* Begin PBXSourcesBuildPhase section */
		62B5EC4D20DFE04D00CAF304 /* Sources */ = {
			isa = PBXSourcesBuildPhase;
			buildActionMask = 2147483647;
			files = (
				62B5EC7820DFE31F00CAF304 /* YDMainViewController.m in Sources */,
				5A6124F920E25220001C2CCC /* YDConstant.m in Sources */,
				5A6124F220E1E609001C2CCC /* YDRouter.m in Sources */,
				62B5EC7420DFE29400CAF304 /* AppDelegate.m in Sources */,
				5A6124EE20E1E3AB001C2CCC /* YDNetworkingController.m in Sources */,
				5A0B1A4E20E600B2005F177C /* NSDictionary+YDCategory.m in Sources */,
				5A6395A320E4926900CA4CC2 /* YDModuleRouterUrl.m in Sources */,
				5A6395B120E4C7D600CA4CC2 /* YDMultiLanguage.m in Sources */,
				62B5EC7C20DFE7D700CAF304 /* YDNetworking.m in Sources */,
				62B5EC7220DFE29400CAF304 /* main.m in Sources */,
				5A6395AE20E4C24000CA4CC2 /* YDMultiLanguageContainer.m in Sources */,
				5A0B1A4B20E5FF04005F177C /* NSString+YDCategory.m in Sources */,
			);
			runOnlyForDeploymentPostprocessing = 0;
		};
/* End PBXSourcesBuildPhase section */

/* Begin XCBuildConfiguration section */
		62B5EC6520DFE04F00CAF304 /* Debug */ = {
			isa = XCBuildConfiguration;
			buildSettings = {
				ALWAYS_SEARCH_USER_PATHS = NO;
				CLANG_ANALYZER_NONNULL = YES;
				CLANG_ANALYZER_NUMBER_OBJECT_CONVERSION = YES_AGGRESSIVE;
				CLANG_CXX_LANGUAGE_STANDARD = "gnu++14";
				CLANG_CXX_LIBRARY = "libc++";
				CLANG_ENABLE_MODULES = YES;
				CLANG_ENABLE_OBJC_ARC = YES;
				CLANG_ENABLE_OBJC_WEAK = YES;
				CLANG_WARN_BLOCK_CAPTURE_AUTORELEASING = YES;
				CLANG_WARN_BOOL_CONVERSION = YES;
				CLANG_WARN_COMMA = YES;
				CLANG_WARN_CONSTANT_CONVERSION = YES;
				CLANG_WARN_DEPRECATED_OBJC_IMPLEMENTATIONS = YES;
				CLANG_WARN_DIRECT_OBJC_ISA_USAGE = YES_ERROR;
				CLANG_WARN_DOCUMENTATION_COMMENTS = YES;
				CLANG_WARN_EMPTY_BODY = YES;
				CLANG_WARN_ENUM_CONVERSION = YES;
				CLANG_WARN_INFINITE_RECURSION = YES;
				CLANG_WARN_INT_CONVERSION = YES;
				CLANG_WARN_NON_LITERAL_NULL_CONVERSION = YES;
				CLANG_WARN_OBJC_IMPLICIT_RETAIN_SELF = YES;
				CLANG_WARN_OBJC_LITERAL_CONVERSION = YES;
				CLANG_WARN_OBJC_ROOT_CLASS = YES_ERROR;
				CLANG_WARN_RANGE_LOOP_ANALYSIS = YES;
				CLANG_WARN_STRICT_PROTOTYPES = YES;
				CLANG_WARN_SUSPICIOUS_MOVE = YES;
				CLANG_WARN_UNGUARDED_AVAILABILITY = YES_AGGRESSIVE;
				CLANG_WARN_UNREACHABLE_CODE = YES;
				CLANG_WARN__DUPLICATE_METHOD_MATCH = YES;
				CODE_SIGN_IDENTITY = "iPhone Developer";
				COPY_PHASE_STRIP = NO;
				DEBUG_INFORMATION_FORMAT = dwarf;
				ENABLE_STRICT_OBJC_MSGSEND = YES;
				ENABLE_TESTABILITY = YES;
				GCC_C_LANGUAGE_STANDARD = gnu11;
				GCC_DYNAMIC_NO_PIC = NO;
				GCC_NO_COMMON_BLOCKS = YES;
				GCC_OPTIMIZATION_LEVEL = 0;
				GCC_PREPROCESSOR_DEFINITIONS = (
					"DEBUG=1",
					"$(inherited)",
				);
				GCC_WARN_64_TO_32_BIT_CONVERSION = YES;
				GCC_WARN_ABOUT_RETURN_TYPE = YES_ERROR;
				GCC_WARN_UNDECLARED_SELECTOR = YES;
				GCC_WARN_UNINITIALIZED_AUTOS = YES_AGGRESSIVE;
				GCC_WARN_UNUSED_FUNCTION = YES;
				GCC_WARN_UNUSED_VARIABLE = YES;
				IPHONEOS_DEPLOYMENT_TARGET = 11.3;
				MTL_ENABLE_DEBUG_INFO = YES;
				ONLY_ACTIVE_ARCH = YES;
				SDKROOT = iphoneos;
			};
			name = Debug;
		};
		62B5EC6620DFE04F00CAF304 /* Release */ = {
			isa = XCBuildConfiguration;
			buildSettings = {
				ALWAYS_SEARCH_USER_PATHS = NO;
				CLANG_ANALYZER_NONNULL = YES;
				CLANG_ANALYZER_NUMBER_OBJECT_CONVERSION = YES_AGGRESSIVE;
				CLANG_CXX_LANGUAGE_STANDARD = "gnu++14";
				CLANG_CXX_LIBRARY = "libc++";
				CLANG_ENABLE_MODULES = YES;
				CLANG_ENABLE_OBJC_ARC = YES;
				CLANG_ENABLE_OBJC_WEAK = YES;
				CLANG_WARN_BLOCK_CAPTURE_AUTORELEASING = YES;
				CLANG_WARN_BOOL_CONVERSION = YES;
				CLANG_WARN_COMMA = YES;
				CLANG_WARN_CONSTANT_CONVERSION = YES;
				CLANG_WARN_DEPRECATED_OBJC_IMPLEMENTATIONS = YES;
				CLANG_WARN_DIRECT_OBJC_ISA_USAGE = YES_ERROR;
				CLANG_WARN_DOCUMENTATION_COMMENTS = YES;
				CLANG_WARN_EMPTY_BODY = YES;
				CLANG_WARN_ENUM_CONVERSION = YES;
				CLANG_WARN_INFINITE_RECURSION = YES;
				CLANG_WARN_INT_CONVERSION = YES;
				CLANG_WARN_NON_LITERAL_NULL_CONVERSION = YES;
				CLANG_WARN_OBJC_IMPLICIT_RETAIN_SELF = YES;
				CLANG_WARN_OBJC_LITERAL_CONVERSION = YES;
				CLANG_WARN_OBJC_ROOT_CLASS = YES_ERROR;
				CLANG_WARN_RANGE_LOOP_ANALYSIS = YES;
				CLANG_WARN_STRICT_PROTOTYPES = YES;
				CLANG_WARN_SUSPICIOUS_MOVE = YES;
				CLANG_WARN_UNGUARDED_AVAILABILITY = YES_AGGRESSIVE;
				CLANG_WARN_UNREACHABLE_CODE = YES;
				CLANG_WARN__DUPLICATE_METHOD_MATCH = YES;
				CODE_SIGN_IDENTITY = "iPhone Developer";
				COPY_PHASE_STRIP = NO;
				DEBUG_INFORMATION_FORMAT = "dwarf-with-dsym";
				ENABLE_NS_ASSERTIONS = NO;
				ENABLE_STRICT_OBJC_MSGSEND = YES;
				GCC_C_LANGUAGE_STANDARD = gnu11;
				GCC_NO_COMMON_BLOCKS = YES;
				GCC_WARN_64_TO_32_BIT_CONVERSION = YES;
				GCC_WARN_ABOUT_RETURN_TYPE = YES_ERROR;
				GCC_WARN_UNDECLARED_SELECTOR = YES;
				GCC_WARN_UNINITIALIZED_AUTOS = YES_AGGRESSIVE;
				GCC_WARN_UNUSED_FUNCTION = YES;
				GCC_WARN_UNUSED_VARIABLE = YES;
				IPHONEOS_DEPLOYMENT_TARGET = 11.3;
				MTL_ENABLE_DEBUG_INFO = NO;
				SDKROOT = iphoneos;
				VALIDATE_PRODUCT = YES;
			};
			name = Release;
		};
		62B5EC6820DFE04F00CAF304 /* Debug */ = {
			isa = XCBuildConfiguration;
			baseConfigurationReference = 012D797C5DC694CE4FFCC97B /* Pods-defaults-YDKit.debug.xcconfig */;
			buildSettings = {
				ASSETCATALOG_COMPILER_APPICON_NAME = AppIcon;
				ASSETCATALOG_COMPILER_LAUNCHIMAGE_NAME = LaunchImage;
				CODE_SIGN_STYLE = Automatic;
				GCC_PRECOMPILE_PREFIX_HEADER = YES;
				GCC_PREFIX_HEADER = "$(SRCROOT)/YDKit/YDClass/YDConstant/YDPrefixHeader.pch";
				INFOPLIST_FILE = "$(SRCROOT)/YDKit/YDClass/AppDelegate/Info.plist";
				IPHONEOS_DEPLOYMENT_TARGET = 8.0;
				LD_RUNPATH_SEARCH_PATHS = (
					"$(inherited)",
					"@executable_path/Frameworks",
				);
				PRODUCT_BUNDLE_IDENTIFIER = com.wuyezhiguhun.YDKit;
				PRODUCT_NAME = "$(TARGET_NAME)";
				TARGETED_DEVICE_FAMILY = 1;
			};
			name = Debug;
		};
		62B5EC6920DFE04F00CAF304 /* Release */ = {
			isa = XCBuildConfiguration;
			baseConfigurationReference = E9ABED0581171F0E07A7BF78 /* Pods-defaults-YDKit.release.xcconfig */;
			buildSettings = {
				ASSETCATALOG_COMPILER_APPICON_NAME = AppIcon;
				ASSETCATALOG_COMPILER_LAUNCHIMAGE_NAME = LaunchImage;
				CODE_SIGN_STYLE = Automatic;
				GCC_PRECOMPILE_PREFIX_HEADER = YES;
				GCC_PREFIX_HEADER = "$(SRCROOT)/YDKit/YDClass/YDConstant/YDPrefixHeader.pch";
				INFOPLIST_FILE = "$(SRCROOT)/YDKit/YDClass/AppDelegate/Info.plist";
				IPHONEOS_DEPLOYMENT_TARGET = 8.0;
				LD_RUNPATH_SEARCH_PATHS = (
					"$(inherited)",
					"@executable_path/Frameworks",
				);
				PRODUCT_BUNDLE_IDENTIFIER = com.wuyezhiguhun.YDKit;
				PRODUCT_NAME = "$(TARGET_NAME)";
				TARGETED_DEVICE_FAMILY = 1;
			};
			name = Release;
		};
/* End XCBuildConfiguration section */

/* Begin XCConfigurationList section */
		62B5EC4C20DFE04D00CAF304 /* Build configuration list for PBXProject "YDKit" */ = {
			isa = XCConfigurationList;
			buildConfigurations = (
				62B5EC6520DFE04F00CAF304 /* Debug */,
				62B5EC6620DFE04F00CAF304 /* Release */,
			);
			defaultConfigurationIsVisible = 0;
			defaultConfigurationName = Release;
		};
		62B5EC6720DFE04F00CAF304 /* Build configuration list for PBXNativeTarget "YDKit" */ = {
			isa = XCConfigurationList;
			buildConfigurations = (
				62B5EC6820DFE04F00CAF304 /* Debug */,
				62B5EC6920DFE04F00CAF304 /* Release */,
			);
			defaultConfigurationIsVisible = 0;
			defaultConfigurationName = Release;
		};
/* End XCConfigurationList section */
	};
	rootObject = 62B5EC4920DFE04D00CAF304 /* Project object */;
}
